<?xml version="1.0" encoding="UTF-8" standalone="yes" ?>
<CodeBlocks_project_file>
	<FileVersion major="1" minor="6" />
	<Project>
		<Option title="dragonpoop_alpha" />
		<Option pch_mode="2" />
		<Option compiler="gcc" />
		<Build>
			<Target title="Debug">
				<Option output="bin/Debug/dragonpoop_alpha" prefix_auto="1" extension_auto="1" />
				<Option object_output="obj/Debug/" />
				<Option type="1" />
				<Option compiler="gcc" />
				<Compiler>
					<Add option="-g" />
				</Compiler>
			</Target>
			<Target title="Release">
				<Option output="bin/Release/dragonpoop_alpha" prefix_auto="1" extension_auto="1" />
				<Option object_output="obj/Release/" />
				<Option type="0" />
				<Option compiler="gcc" />
				<Compiler>
					<Add option="-O2" />
				</Compiler>
				<Linker>
					<Add option="-s" />
				</Linker>
			</Target>
		</Build>
		<Compiler>
			<Add option="-Wall" />
			<Add option="-std=c++11" />
		</Compiler>
		<Linker>
			<Add library="GL" />
			<Add library="X11" />
		</Linker>
		<Unit filename="../dragonpoop_alpha/dragonpoop/core/bytetree/bytetree.cpp" />
		<Unit filename="../dragonpoop_alpha/dragonpoop/core/bytetree/bytetree.h" />
		<Unit filename="../dragonpoop_alpha/dragonpoop/core/bytetree/bytetrees.h" />
		<Unit filename="../dragonpoop_alpha/dragonpoop/core/bytetree/dpid_bytetree.cpp" />
		<Unit filename="../dragonpoop_alpha/dragonpoop/core/bytetree/dpid_bytetree.h" />
		<Unit filename="../dragonpoop_alpha/dragonpoop/core/bytetree/dpid_multibytetree.cpp" />
		<Unit filename="../dragonpoop_alpha/dragonpoop/core/bytetree/dpid_multibytetree.h" />
		<Unit filename="../dragonpoop_alpha/dragonpoop/core/bytetree/multibytetree.cpp" />
		<Unit filename="../dragonpoop_alpha/dragonpoop/core/bytetree/multibytetree.h" />
		<Unit filename="../dragonpoop_alpha/dragonpoop/core/core.cpp" />
		<Unit filename="../dragonpoop_alpha/dragonpoop/core/core.h" />
		<Unit filename="../dragonpoop_alpha/dragonpoop/core/cores.h" />
		<Unit filename="../dragonpoop_alpha/dragonpoop/core/dpbuffer/dpbuffer.cpp" />
		<Unit filename="../dragonpoop_alpha/dragonpoop/core/dpbuffer/dpbuffer.h" />
		<Unit filename="../dragonpoop_alpha/dragonpoop/core/dpbuffer/dpbuffer_dynamic.cpp" />
		<Unit filename="../dragonpoop_alpha/dragonpoop/core/dpbuffer/dpbuffer_dynamic.h" />
		<Unit filename="../dragonpoop_alpha/dragonpoop/core/dpbuffer/dpbuffer_static.cpp" />
		<Unit filename="../dragonpoop_alpha/dragonpoop/core/dpbuffer/dpbuffer_static.h" />
		<Unit filename="../dragonpoop_alpha/dragonpoop/core/dpbuffer/dpbuffers.h" />
		<Unit filename="../dragonpoop_alpha/dragonpoop/core/dpid/dpid.cpp" />
		<Unit filename="../dragonpoop_alpha/dragonpoop/core/dpid/dpid.h" />
		<Unit filename="../dragonpoop_alpha/dragonpoop/core/dpid/dpids.h" />
		<Unit filename="../dragonpoop_alpha/dragonpoop/core/dpmutex/dpmutex.cpp" />
		<Unit filename="../dragonpoop_alpha/dragonpoop/core/dpmutex/dpmutex.h" />
		<Unit filename="../dragonpoop_alpha/dragonpoop/core/dpmutex/dpmutex_listing.h" />
		<Unit filename="../dragonpoop_alpha/dragonpoop/core/dpmutex/dpmutex_lock.cpp" />
		<Unit filename="../dragonpoop_alpha/dragonpoop/core/dpmutex/dpmutex_lock.h" />
		<Unit filename="../dragonpoop_alpha/dragonpoop/core/dpmutex/dpmutex_lock_listing.h" />
		<Unit filename="../dragonpoop_alpha/dragonpoop/core/dpmutex/dpmutex_master.cpp" />
		<Unit filename="../dragonpoop_alpha/dragonpoop/core/dpmutex/dpmutex_master.h" />
		<Unit filename="../dragonpoop_alpha/dragonpoop/core/dpmutex/dpmutex_readlock.cpp" />
		<Unit filename="../dragonpoop_alpha/dragonpoop/core/dpmutex/dpmutex_readlock.h" />
		<Unit filename="../dragonpoop_alpha/dragonpoop/core/dpmutex/dpmutex_writelock.cpp" />
		<Unit filename="../dragonpoop_alpha/dragonpoop/core/dpmutex/dpmutex_writelock.h" />
		<Unit filename="../dragonpoop_alpha/dragonpoop/core/dpmutex/dpmutexes.h" />
		<Unit filename="../dragonpoop_alpha/dragonpoop/core/dpspinlock/dpsponlock.cpp" />
		<Unit filename="../dragonpoop_alpha/dragonpoop/core/dpspinlock/dpsponlock.h" />
		<Unit filename="../dragonpoop_alpha/dragonpoop/core/dpspinlock/dpsponlocks.h" />
		<Unit filename="../dragonpoop_alpha/dragonpoop/core/dptask/dptask.cpp" />
		<Unit filename="../dragonpoop_alpha/dragonpoop/core/dptask/dptask.h" />
		<Unit filename="../dragonpoop_alpha/dragonpoop/core/dptask/dptask_owner.cpp" />
		<Unit filename="../dragonpoop_alpha/dragonpoop/core/dptask/dptask_owner.h" />
		<Unit filename="../dragonpoop_alpha/dragonpoop/core/dptask/dptask_readlock.cpp" />
		<Unit filename="../dragonpoop_alpha/dragonpoop/core/dptask/dptask_readlock.h" />
		<Unit filename="../dragonpoop_alpha/dragonpoop/core/dptask/dptask_ref.cpp" />
		<Unit filename="../dragonpoop_alpha/dragonpoop/core/dptask/dptask_ref.h" />
		<Unit filename="../dragonpoop_alpha/dragonpoop/core/dptask/dptask_writelock.cpp" />
		<Unit filename="../dragonpoop_alpha/dragonpoop/core/dptask/dptask_writelock.h" />
		<Unit filename="../dragonpoop_alpha/dragonpoop/core/dptask/dptasks.h" />
		<Unit filename="../dragonpoop_alpha/dragonpoop/core/dptaskpool/dptaskpool.cpp" />
		<Unit filename="../dragonpoop_alpha/dragonpoop/core/dptaskpool/dptaskpool.h" />
		<Unit filename="../dragonpoop_alpha/dragonpoop/core/dptaskpool/dptaskpool_readlock.cpp" />
		<Unit filename="../dragonpoop_alpha/dragonpoop/core/dptaskpool/dptaskpool_readlock.h" />
		<Unit filename="../dragonpoop_alpha/dragonpoop/core/dptaskpool/dptaskpool_ref.cpp" />
		<Unit filename="../dragonpoop_alpha/dragonpoop/core/dptaskpool/dptaskpool_ref.h" />
		<Unit filename="../dragonpoop_alpha/dragonpoop/core/dptaskpool/dptaskpool_writelock.cpp" />
		<Unit filename="../dragonpoop_alpha/dragonpoop/core/dptaskpool/dptaskpool_writelock.h" />
		<Unit filename="../dragonpoop_alpha/dragonpoop/core/dptaskpool/dptaskpools.h" />
		<Unit filename="../dragonpoop_alpha/dragonpoop/core/dpthread/dpthread.cpp" />
		<Unit filename="../dragonpoop_alpha/dragonpoop/core/dpthread/dpthread.h" />
		<Unit filename="../dragonpoop_alpha/dragonpoop/core/dpthread/dpthread_interface.cpp" />
		<Unit filename="../dragonpoop_alpha/dragonpoop/core/dpthread/dpthread_interface.h" />
		<Unit filename="../dragonpoop_alpha/dragonpoop/core/dpthread/dpthread_lock.cpp" />
		<Unit filename="../dragonpoop_alpha/dragonpoop/core/dpthread/dpthread_lock.h" />
		<Unit filename="../dragonpoop_alpha/dragonpoop/core/dpthread/dpthreads.h" />
		<Unit filename="../dragonpoop_alpha/dragonpoop/core/shared_obj/shared_obj.cpp" />
		<Unit filename="../dragonpoop_alpha/dragonpoop/core/shared_obj/shared_obj.h" />
		<Unit filename="../dragonpoop_alpha/dragonpoop/core/shared_obj/shared_obj_guard.cpp" />
		<Unit filename="../dragonpoop_alpha/dragonpoop/core/shared_obj/shared_obj_guard.h" />
		<Unit filename="../dragonpoop_alpha/dragonpoop/core/shared_obj/shared_obj_interface.cpp" />
		<Unit filename="../dragonpoop_alpha/dragonpoop/core/shared_obj/shared_obj_interface.h" />
		<Unit filename="../dragonpoop_alpha/dragonpoop/core/shared_obj/shared_obj_lock.cpp" />
		<Unit filename="../dragonpoop_alpha/dragonpoop/core/shared_obj/shared_obj_lock.h" />
		<Unit filename="../dragonpoop_alpha/dragonpoop/core/shared_obj/shared_obj_readlock.cpp" />
		<Unit filename="../dragonpoop_alpha/dragonpoop/core/shared_obj/shared_obj_readlock.h" />
		<Unit filename="../dragonpoop_alpha/dragonpoop/core/shared_obj/shared_obj_ref.cpp" />
		<Unit filename="../dragonpoop_alpha/dragonpoop/core/shared_obj/shared_obj_ref.h" />
		<Unit filename="../dragonpoop_alpha/dragonpoop/core/shared_obj/shared_obj_refkernal.cpp" />
		<Unit filename="../dragonpoop_alpha/dragonpoop/core/shared_obj/shared_obj_refkernal.h" />
		<Unit filename="../dragonpoop_alpha/dragonpoop/core/shared_obj/shared_obj_writelock.cpp" />
		<Unit filename="../dragonpoop_alpha/dragonpoop/core/shared_obj/shared_obj_writelock.h" />
		<Unit filename="../dragonpoop_alpha/dragonpoop/core/shared_obj/shared_objs.h" />
		<Unit filename="../dragonpoop_alpha/dragonpoop/dragonpoop.h" />
		<Unit filename="../dragonpoop_alpha/dragonpoop/gfx/dpbitmap/dpbitmap.cpp" />
		<Unit filename="../dragonpoop_alpha/dragonpoop/gfx/dpbitmap/dpbitmap.h" />
		<Unit filename="../dragonpoop_alpha/dragonpoop/gfx/dpbitmap/dpbitmap_bitmap_loader.cpp" />
		<Unit filename="../dragonpoop_alpha/dragonpoop/gfx/dpbitmap/dpbitmap_bitmap_loader.h" />
		<Unit filename="../dragonpoop_alpha/dragonpoop/gfx/dpbitmap/dpbitmaps.h" />
		<Unit filename="../dragonpoop_alpha/dragonpoop/gfx/dpmatrix/dpmatrix.cpp" />
		<Unit filename="../dragonpoop_alpha/dragonpoop/gfx/dpmatrix/dpmatrix.h" />
		<Unit filename="../dragonpoop_alpha/dragonpoop/gfx/dpmatrix/dpmatrixes.h" />
		<Unit filename="../dragonpoop_alpha/dragonpoop/gfx/dpvertex/dpindex.h" />
		<Unit filename="../dragonpoop_alpha/dragonpoop/gfx/dpvertex/dpindex_buffer.cpp" />
		<Unit filename="../dragonpoop_alpha/dragonpoop/gfx/dpvertex/dpindex_buffer.h" />
		<Unit filename="../dragonpoop_alpha/dragonpoop/gfx/dpvertex/dpindex_f.h" />
		<Unit filename="../dragonpoop_alpha/dragonpoop/gfx/dpvertex/dprgb_f.h" />
		<Unit filename="../dragonpoop_alpha/dragonpoop/gfx/dpvertex/dprgba.h" />
		<Unit filename="../dragonpoop_alpha/dragonpoop/gfx/dpvertex/dprgba_f.h" />
		<Unit filename="../dragonpoop_alpha/dragonpoop/gfx/dpvertex/dpst.h" />
		<Unit filename="../dragonpoop_alpha/dragonpoop/gfx/dpvertex/dpst_f.h" />
		<Unit filename="../dragonpoop_alpha/dragonpoop/gfx/dpvertex/dpvertex.cpp" />
		<Unit filename="../dragonpoop_alpha/dragonpoop/gfx/dpvertex/dpvertex.h" />
		<Unit filename="../dragonpoop_alpha/dragonpoop/gfx/dpvertex/dpvertex_buffer.cpp" />
		<Unit filename="../dragonpoop_alpha/dragonpoop/gfx/dpvertex/dpvertex_buffer.h" />
		<Unit filename="../dragonpoop_alpha/dragonpoop/gfx/dpvertex/dpvertexes.h" />
		<Unit filename="../dragonpoop_alpha/dragonpoop/gfx/dpvertex/dpvertexindex_buffer.cpp" />
		<Unit filename="../dragonpoop_alpha/dragonpoop/gfx/dpvertex/dpvertexindex_buffer.h" />
		<Unit filename="../dragonpoop_alpha/dragonpoop/gfx/dpvertex/dpxyz_f.h" />
		<Unit filename="../dragonpoop_alpha/dragonpoop/gfx/dpvertex/dpxyzw.h" />
		<Unit filename="../dragonpoop_alpha/dragonpoop/gfx/dpvertex/dpxyzw_f.h" />
		<Unit filename="../dragonpoop_alpha/dragonpoop/gfx/gfx.cpp" />
		<Unit filename="../dragonpoop_alpha/dragonpoop/gfx/gfx.h" />
		<Unit filename="../dragonpoop_alpha/dragonpoop/gfx/gfx_readlock.cpp" />
		<Unit filename="../dragonpoop_alpha/dragonpoop/gfx/gfx_readlock.h" />
		<Unit filename="../dragonpoop_alpha/dragonpoop/gfx/gfx_ref.cpp" />
		<Unit filename="../dragonpoop_alpha/dragonpoop/gfx/gfx_ref.h" />
		<Unit filename="../dragonpoop_alpha/dragonpoop/gfx/gfx_task.cpp" />
		<Unit filename="../dragonpoop_alpha/dragonpoop/gfx/gfx_task.h" />
		<Unit filename="../dragonpoop_alpha/dragonpoop/gfx/gfx_writelock.cpp" />
		<Unit filename="../dragonpoop_alpha/dragonpoop/gfx/gfx_writelock.h" />
		<Unit filename="../dragonpoop_alpha/dragonpoop/gfx/gfxs.h" />
		<Unit filename="../dragonpoop_alpha/dragonpoop/gfx/model/model.cpp" />
		<Unit filename="../dragonpoop_alpha/dragonpoop/gfx/model/model.h" />
		<Unit filename="../dragonpoop_alpha/dragonpoop/gfx/model/model_animation/model_animation.cpp" />
		<Unit filename="../dragonpoop_alpha/dragonpoop/gfx/model/model_animation/model_animation.h" />
		<Unit filename="../dragonpoop_alpha/dragonpoop/gfx/model/model_animation/model_animations.h" />
		<Unit filename="../dragonpoop_alpha/dragonpoop/gfx/model/model_animation_frame/model_animation_frame.cpp" />
		<Unit filename="../dragonpoop_alpha/dragonpoop/gfx/model/model_animation_frame/model_animation_frame.h" />
		<Unit filename="../dragonpoop_alpha/dragonpoop/gfx/model/model_animation_frame/model_animation_frames.h" />
		<Unit filename="../dragonpoop_alpha/dragonpoop/gfx/model/model_component/model_component.cpp" />
		<Unit filename="../dragonpoop_alpha/dragonpoop/gfx/model/model_component/model_component.h" />
		<Unit filename="../dragonpoop_alpha/dragonpoop/gfx/model/model_component/model_component_tree_bytype.cpp" />
		<Unit filename="../dragonpoop_alpha/dragonpoop/gfx/model/model_component/model_component_tree_bytype.h" />
		<Unit filename="../dragonpoop_alpha/dragonpoop/gfx/model/model_component/model_component_tree_bytypeid.cpp" />
		<Unit filename="../dragonpoop_alpha/dragonpoop/gfx/model/model_component/model_component_tree_bytypeid.h" />
		<Unit filename="../dragonpoop_alpha/dragonpoop/gfx/model/model_component/model_component_types.h" />
		<Unit filename="../dragonpoop_alpha/dragonpoop/gfx/model/model_component/model_components.h" />
		<Unit filename="../dragonpoop_alpha/dragonpoop/gfx/model/model_frame/model_frame.cpp" />
		<Unit filename="../dragonpoop_alpha/dragonpoop/gfx/model/model_frame/model_frame.h" />
		<Unit filename="../dragonpoop_alpha/dragonpoop/gfx/model/model_frame/model_frames.h" />
		<Unit filename="../dragonpoop_alpha/dragonpoop/gfx/model/model_frame_joint/model_frame_joint.cpp" />
		<Unit filename="../dragonpoop_alpha/dragonpoop/gfx/model/model_frame_joint/model_frame_joint.h" />
		<Unit filename="../dragonpoop_alpha/dragonpoop/gfx/model/model_frame_joint/model_frame_joints.h" />
		<Unit filename="../dragonpoop_alpha/dragonpoop/gfx/model/model_group/model_group.cpp" />
		<Unit filename="../dragonpoop_alpha/dragonpoop/gfx/model/model_group/model_group.h" />
		<Unit filename="../dragonpoop_alpha/dragonpoop/gfx/model/model_group/model_groups.h" />
		<Unit filename="../dragonpoop_alpha/dragonpoop/gfx/model/model_group_triangle/model_group_triangle.cpp" />
		<Unit filename="../dragonpoop_alpha/dragonpoop/gfx/model/model_group_triangle/model_group_triangle.h" />
		<Unit filename="../dragonpoop_alpha/dragonpoop/gfx/model/model_group_triangle/model_group_triangles.h" />
		<Unit filename="../dragonpoop_alpha/dragonpoop/gfx/model/model_instance/model_instance.cpp" />
		<Unit filename="../dragonpoop_alpha/dragonpoop/gfx/model/model_instance/model_instance.h" />
		<Unit filename="../dragonpoop_alpha/dragonpoop/gfx/model/model_instance/model_instance_animation/model_instance_animation.cpp" />
		<Unit filename="../dragonpoop_alpha/dragonpoop/gfx/model/model_instance/model_instance_animation/model_instance_animation.h" />
		<Unit filename="../dragonpoop_alpha/dragonpoop/gfx/model/model_instance/model_instance_animation/model_instance_animations.h" />
		<Unit filename="../dragonpoop_alpha/dragonpoop/gfx/model/model_instance/model_instance_group/model_instance_group.cpp" />
		<Unit filename="../dragonpoop_alpha/dragonpoop/gfx/model/model_instance/model_instance_group/model_instance_group.h" />
		<Unit filename="../dragonpoop_alpha/dragonpoop/gfx/model/model_instance/model_instance_group/model_instance_groups.h" />
		<Unit filename="../dragonpoop_alpha/dragonpoop/gfx/model/model_instance/model_instance_joint/model_instance_joint.cpp" />
		<Unit filename="../dragonpoop_alpha/dragonpoop/gfx/model/model_instance/model_instance_joint/model_instance_joint.h" />
		<Unit filename="../dragonpoop_alpha/dragonpoop/gfx/model/model_instance/model_instance_joint/model_instance_joints.h" />
		<Unit filename="../dragonpoop_alpha/dragonpoop/gfx/model/model_instance/model_instance_readlock.cpp" />
		<Unit filename="../dragonpoop_alpha/dragonpoop/gfx/model/model_instance/model_instance_readlock.h" />
		<Unit filename="../dragonpoop_alpha/dragonpoop/gfx/model/model_instance/model_instance_ref.cpp" />
		<Unit filename="../dragonpoop_alpha/dragonpoop/gfx/model/model_instance/model_instance_ref.h" />
		<Unit filename="../dragonpoop_alpha/dragonpoop/gfx/model/model_instance/model_instance_triangle/model_instance_triangle.cpp" />
		<Unit filename="../dragonpoop_alpha/dragonpoop/gfx/model/model_instance/model_instance_triangle/model_instance_triangle.h" />
		<Unit filename="../dragonpoop_alpha/dragonpoop/gfx/model/model_instance/model_instance_triangle/model_instance_triangles.h" />
		<Unit filename="../dragonpoop_alpha/dragonpoop/gfx/model/model_instance/model_instance_triangle_vertex/model_instance_triangle_vertex.cpp" />
		<Unit filename="../dragonpoop_alpha/dragonpoop/gfx/model/model_instance/model_instance_triangle_vertex/model_instance_triangle_vertex.h" />
		<Unit filename="../dragonpoop_alpha/dragonpoop/gfx/model/model_instance/model_instance_triangle_vertex/model_instance_triangle_vertexs.h" />
		<Unit filename="../dragonpoop_alpha/dragonpoop/gfx/model/model_instance/model_instance_vertex/model_instance_vertex.cpp" />
		<Unit filename="../dragonpoop_alpha/dragonpoop/gfx/model/model_instance/model_instance_vertex/model_instance_vertex.h" />
		<Unit filename="../dragonpoop_alpha/dragonpoop/gfx/model/model_instance/model_instance_vertex/model_instance_vertexs.h" />
		<Unit filename="../dragonpoop_alpha/dragonpoop/gfx/model/model_instance/model_instance_writelock.cpp" />
		<Unit filename="../dragonpoop_alpha/dragonpoop/gfx/model/model_instance/model_instance_writelock.h" />
		<Unit filename="../dragonpoop_alpha/dragonpoop/gfx/model/model_instance/model_instances.h" />
		<Unit filename="../dragonpoop_alpha/dragonpoop/gfx/model/model_joint/model_joint.cpp" />
		<Unit filename="../dragonpoop_alpha/dragonpoop/gfx/model/model_joint/model_joint.h" />
		<Unit filename="../dragonpoop_alpha/dragonpoop/gfx/model/model_joint/model_joints.h" />
		<Unit filename="../dragonpoop_alpha/dragonpoop/gfx/model/model_loader/model_loader.cpp" />
		<Unit filename="../dragonpoop_alpha/dragonpoop/gfx/model/model_loader/model_loader.h" />
		<Unit filename="../dragonpoop_alpha/dragonpoop/gfx/model/model_loader/model_loader_ms3d/model_loader_ms3d.cpp" />
		<Unit filename="../dragonpoop_alpha/dragonpoop/gfx/model/model_loader/model_loader_ms3d/model_loader_ms3d.h" />
		<Unit filename="../dragonpoop_alpha/dragonpoop/gfx/model/model_loader/model_loader_ms3d/model_loader_ms3d_animation.h" />
		<Unit filename="../dragonpoop_alpha/dragonpoop/gfx/model/model_loader/model_loader_ms3d/model_loader_ms3d_comment.h" />
		<Unit filename="../dragonpoop_alpha/dragonpoop/gfx/model/model_loader/model_loader_ms3d/model_loader_ms3d_group.h" />
		<Unit filename="../dragonpoop_alpha/dragonpoop/gfx/model/model_loader/model_loader_ms3d/model_loader_ms3d_header.h" />
		<Unit filename="../dragonpoop_alpha/dragonpoop/gfx/model/model_loader/model_loader_ms3d/model_loader_ms3d_joint.h" />
		<Unit filename="../dragonpoop_alpha/dragonpoop/gfx/model/model_loader/model_loader_ms3d/model_loader_ms3d_material.h" />
		<Unit filename="../dragonpoop_alpha/dragonpoop/gfx/model/model_loader/model_loader_ms3d/model_loader_ms3d_state_cleanup.cpp" />
		<Unit filename="../dragonpoop_alpha/dragonpoop/gfx/model/model_loader/model_loader_ms3d/model_loader_ms3d_state_cleanup.h" />
		<Unit filename="../dragonpoop_alpha/dragonpoop/gfx/model/model_loader/model_loader_ms3d/model_loader_ms3d_state_make_animation.cpp" />
		<Unit filename="../dragonpoop_alpha/dragonpoop/gfx/model/model_loader/model_loader_ms3d/model_loader_ms3d_state_make_animation.h" />
		<Unit filename="../dragonpoop_alpha/dragonpoop/gfx/model/model_loader/model_loader_ms3d/model_loader_ms3d_state_make_frames.cpp" />
		<Unit filename="../dragonpoop_alpha/dragonpoop/gfx/model/model_loader/model_loader_ms3d/model_loader_ms3d_state_make_frames.h" />
		<Unit filename="../dragonpoop_alpha/dragonpoop/gfx/model/model_loader/model_loader_ms3d/model_loader_ms3d_state_make_groups.cpp" />
		<Unit filename="../dragonpoop_alpha/dragonpoop/gfx/model/model_loader/model_loader_ms3d/model_loader_ms3d_state_make_groups.h" />
		<Unit filename="../dragonpoop_alpha/dragonpoop/gfx/model/model_loader/model_loader_ms3d/model_loader_ms3d_state_make_joints.cpp" />
		<Unit filename="../dragonpoop_alpha/dragonpoop/gfx/model/model_loader/model_loader_ms3d/model_loader_ms3d_state_make_joints.h" />
		<Unit filename="../dragonpoop_alpha/dragonpoop/gfx/model/model_loader/model_loader_ms3d/model_loader_ms3d_state_make_materials.cpp" />
		<Unit filename="../dragonpoop_alpha/dragonpoop/gfx/model/model_loader/model_loader_ms3d/model_loader_ms3d_state_make_materials.h" />
		<Unit filename="../dragonpoop_alpha/dragonpoop/gfx/model/model_loader/model_loader_ms3d/model_loader_ms3d_state_make_model.cpp" />
		<Unit filename="../dragonpoop_alpha/dragonpoop/gfx/model/model_loader/model_loader_ms3d/model_loader_ms3d_state_make_model.h" />
		<Unit filename="../dragonpoop_alpha/dragonpoop/gfx/model/model_loader/model_loader_ms3d/model_loader_ms3d_state_make_triangles.cpp" />
		<Unit filename="../dragonpoop_alpha/dragonpoop/gfx/model/model_loader/model_loader_ms3d/model_loader_ms3d_state_make_triangles.h" />
		<Unit filename="../dragonpoop_alpha/dragonpoop/gfx/model/model_loader/model_loader_ms3d/model_loader_ms3d_state_make_vertex_joints.cpp" />
		<Unit filename="../dragonpoop_alpha/dragonpoop/gfx/model/model_loader/model_loader_ms3d/model_loader_ms3d_state_make_vertex_joints.h" />
		<Unit filename="../dragonpoop_alpha/dragonpoop/gfx/model/model_loader/model_loader_ms3d/model_loader_ms3d_state_make_verts.cpp" />
		<Unit filename="../dragonpoop_alpha/dragonpoop/gfx/model/model_loader/model_loader_ms3d/model_loader_ms3d_state_make_verts.h" />
		<Unit filename="../dragonpoop_alpha/dragonpoop/gfx/model/model_loader/model_loader_ms3d/model_loader_ms3d_state_parse_animation.cpp" />
		<Unit filename="../dragonpoop_alpha/dragonpoop/gfx/model/model_loader/model_loader_ms3d/model_loader_ms3d_state_parse_animation.h" />
		<Unit filename="../dragonpoop_alpha/dragonpoop/gfx/model/model_loader/model_loader_ms3d/model_loader_ms3d_state_parse_comments.cpp" />
		<Unit filename="../dragonpoop_alpha/dragonpoop/gfx/model/model_loader/model_loader_ms3d/model_loader_ms3d_state_parse_comments.h" />
		<Unit filename="../dragonpoop_alpha/dragonpoop/gfx/model/model_loader/model_loader_ms3d/model_loader_ms3d_state_parse_extras.cpp" />
		<Unit filename="../dragonpoop_alpha/dragonpoop/gfx/model/model_loader/model_loader_ms3d/model_loader_ms3d_state_parse_extras.h" />
		<Unit filename="../dragonpoop_alpha/dragonpoop/gfx/model/model_loader/model_loader_ms3d/model_loader_ms3d_state_parse_groups.cpp" />
		<Unit filename="../dragonpoop_alpha/dragonpoop/gfx/model/model_loader/model_loader_ms3d/model_loader_ms3d_state_parse_groups.h" />
		<Unit filename="../dragonpoop_alpha/dragonpoop/gfx/model/model_loader/model_loader_ms3d/model_loader_ms3d_state_parse_header.cpp" />
		<Unit filename="../dragonpoop_alpha/dragonpoop/gfx/model/model_loader/model_loader_ms3d/model_loader_ms3d_state_parse_header.h" />
		<Unit filename="../dragonpoop_alpha/dragonpoop/gfx/model/model_loader/model_loader_ms3d/model_loader_ms3d_state_parse_joint_extras.cpp" />
		<Unit filename="../dragonpoop_alpha/dragonpoop/gfx/model/model_loader/model_loader_ms3d/model_loader_ms3d_state_parse_joint_extras.h" />
		<Unit filename="../dragonpoop_alpha/dragonpoop/gfx/model/model_loader/model_loader_ms3d/model_loader_ms3d_state_parse_joints.cpp" />
		<Unit filename="../dragonpoop_alpha/dragonpoop/gfx/model/model_loader/model_loader_ms3d/model_loader_ms3d_state_parse_joints.h" />
		<Unit filename="../dragonpoop_alpha/dragonpoop/gfx/model/model_loader/model_loader_ms3d/model_loader_ms3d_state_parse_materials.cpp" />
		<Unit filename="../dragonpoop_alpha/dragonpoop/gfx/model/model_loader/model_loader_ms3d/model_loader_ms3d_state_parse_materials.h" />
		<Unit filename="../dragonpoop_alpha/dragonpoop/gfx/model/model_loader/model_loader_ms3d/model_loader_ms3d_state_parse_model_extras.cpp" />
		<Unit filename="../dragonpoop_alpha/dragonpoop/gfx/model/model_loader/model_loader_ms3d/model_loader_ms3d_state_parse_model_extras.h" />
		<Unit filename="../dragonpoop_alpha/dragonpoop/gfx/model/model_loader/model_loader_ms3d/model_loader_ms3d_state_parse_triangles.cpp" />
		<Unit filename="../dragonpoop_alpha/dragonpoop/gfx/model/model_loader/model_loader_ms3d/model_loader_ms3d_state_parse_triangles.h" />
		<Unit filename="../dragonpoop_alpha/dragonpoop/gfx/model/model_loader/model_loader_ms3d/model_loader_ms3d_state_parse_vertex_extras.cpp" />
		<Unit filename="../dragonpoop_alpha/dragonpoop/gfx/model/model_loader/model_loader_ms3d/model_loader_ms3d_state_parse_vertex_extras.h" />
		<Unit filename="../dragonpoop_alpha/dragonpoop/gfx/model/model_loader/model_loader_ms3d/model_loader_ms3d_state_parse_verts.cpp" />
		<Unit filename="../dragonpoop_alpha/dragonpoop/gfx/model/model_loader/model_loader_ms3d/model_loader_ms3d_state_parse_verts.h" />
		<Unit filename="../dragonpoop_alpha/dragonpoop/gfx/model/model_loader/model_loader_ms3d/model_loader_ms3d_triangle.h" />
		<Unit filename="../dragonpoop_alpha/dragonpoop/gfx/model/model_loader/model_loader_ms3d/model_loader_ms3d_vertex.h" />
		<Unit filename="../dragonpoop_alpha/dragonpoop/gfx/model/model_loader/model_loader_ms3d/model_loader_ms3ds.h" />
		<Unit filename="../dragonpoop_alpha/dragonpoop/gfx/model/model_loader/model_loader_readlock.cpp" />
		<Unit filename="../dragonpoop_alpha/dragonpoop/gfx/model/model_loader/model_loader_readlock.h" />
		<Unit filename="../dragonpoop_alpha/dragonpoop/gfx/model/model_loader/model_loader_ref.cpp" />
		<Unit filename="../dragonpoop_alpha/dragonpoop/gfx/model/model_loader/model_loader_ref.h" />
		<Unit filename="../dragonpoop_alpha/dragonpoop/gfx/model/model_loader/model_loader_state.cpp" />
		<Unit filename="../dragonpoop_alpha/dragonpoop/gfx/model/model_loader/model_loader_state.h" />
		<Unit filename="../dragonpoop_alpha/dragonpoop/gfx/model/model_loader/model_loader_state_close.cpp" />
		<Unit filename="../dragonpoop_alpha/dragonpoop/gfx/model/model_loader/model_loader_state_close.h" />
		<Unit filename="../dragonpoop_alpha/dragonpoop/gfx/model/model_loader/model_loader_state_fail.cpp" />
		<Unit filename="../dragonpoop_alpha/dragonpoop/gfx/model/model_loader/model_loader_state_fail.h" />
		<Unit filename="../dragonpoop_alpha/dragonpoop/gfx/model/model_loader/model_loader_state_openfile.cpp" />
		<Unit filename="../dragonpoop_alpha/dragonpoop/gfx/model/model_loader/model_loader_state_openfile.h" />
		<Unit filename="../dragonpoop_alpha/dragonpoop/gfx/model/model_loader/model_loader_state_sucess.cpp" />
		<Unit filename="../dragonpoop_alpha/dragonpoop/gfx/model/model_loader/model_loader_state_sucess.h" />
		<Unit filename="../dragonpoop_alpha/dragonpoop/gfx/model/model_loader/model_loader_task.cpp" />
		<Unit filename="../dragonpoop_alpha/dragonpoop/gfx/model/model_loader/model_loader_task.h" />
		<Unit filename="../dragonpoop_alpha/dragonpoop/gfx/model/model_loader/model_loader_writelock.cpp" />
		<Unit filename="../dragonpoop_alpha/dragonpoop/gfx/model/model_loader/model_loader_writelock.h" />
		<Unit filename="../dragonpoop_alpha/dragonpoop/gfx/model/model_loader/model_loaders.h" />
		<Unit filename="../dragonpoop_alpha/dragonpoop/gfx/model/model_material/model_material.cpp" />
		<Unit filename="../dragonpoop_alpha/dragonpoop/gfx/model/model_material/model_material.h" />
		<Unit filename="../dragonpoop_alpha/dragonpoop/gfx/model/model_material/model_materials.h" />
		<Unit filename="../dragonpoop_alpha/dragonpoop/gfx/model/model_readlock.cpp" />
		<Unit filename="../dragonpoop_alpha/dragonpoop/gfx/model/model_readlock.h" />
		<Unit filename="../dragonpoop_alpha/dragonpoop/gfx/model/model_ref.cpp" />
		<Unit filename="../dragonpoop_alpha/dragonpoop/gfx/model/model_ref.h" />
		<Unit filename="../dragonpoop_alpha/dragonpoop/gfx/model/model_task.cpp" />
		<Unit filename="../dragonpoop_alpha/dragonpoop/gfx/model/model_task.h" />
		<Unit filename="../dragonpoop_alpha/dragonpoop/gfx/model/model_triangle/model_triangle.cpp" />
		<Unit filename="../dragonpoop_alpha/dragonpoop/gfx/model/model_triangle/model_triangle.h" />
		<Unit filename="../dragonpoop_alpha/dragonpoop/gfx/model/model_triangle/model_triangles.h" />
		<Unit filename="../dragonpoop_alpha/dragonpoop/gfx/model/model_triangle_vertex/model_triangle_vertex.cpp" />
		<Unit filename="../dragonpoop_alpha/dragonpoop/gfx/model/model_triangle_vertex/model_triangle_vertex.h" />
		<Unit filename="../dragonpoop_alpha/dragonpoop/gfx/model/model_triangle_vertex/model_triangle_vertexes.h" />
		<Unit filename="../dragonpoop_alpha/dragonpoop/gfx/model/model_vertex/model_vertex.cpp" />
		<Unit filename="../dragonpoop_alpha/dragonpoop/gfx/model/model_vertex/model_vertex.h" />
		<Unit filename="../dragonpoop_alpha/dragonpoop/gfx/model/model_vertex/model_vertexes.h" />
		<Unit filename="../dragonpoop_alpha/dragonpoop/gfx/model/model_vertex_joint/model_vertex_joint.cpp" />
		<Unit filename="../dragonpoop_alpha/dragonpoop/gfx/model/model_vertex_joint/model_vertex_joint.h" />
		<Unit filename="../dragonpoop_alpha/dragonpoop/gfx/model/model_vertex_joint/model_vertex_joints.h" />
		<Unit filename="../dragonpoop_alpha/dragonpoop/gfx/model/model_writelock.cpp" />
		<Unit filename="../dragonpoop_alpha/dragonpoop/gfx/model/model_writelock.h" />
		<Unit filename="../dragonpoop_alpha/dragonpoop/gfx/model/models.h" />
		<Unit filename="../dragonpoop_alpha/dragonpoop/os_define.h" />
		<Unit filename="../dragonpoop_alpha/dragonpoop/renderer/openglx_1o5_renderer/openglx_1o5_renderer.cpp" />
		<Unit filename="../dragonpoop_alpha/dragonpoop/renderer/openglx_1o5_renderer/openglx_1o5_renderer.h" />
		<Unit filename="../dragonpoop_alpha/dragonpoop/renderer/openglx_1o5_renderer/openglx_1o5_renderer_model/openglx_1o5_renderer_model.cpp" />
		<Unit filename="../dragonpoop_alpha/dragonpoop/renderer/openglx_1o5_renderer/openglx_1o5_renderer_model/openglx_1o5_renderer_model.h" />
		<Unit filename="../dragonpoop_alpha/dragonpoop/renderer/openglx_1o5_renderer/openglx_1o5_renderer_model/openglx_1o5_renderer_model_instance/openglx_1o5_renderer_model_group_instance/openglx_1o5_renderer_model_group_instance.cpp" />
		<Unit filename="../dragonpoop_alpha/dragonpoop/renderer/openglx_1o5_renderer/openglx_1o5_renderer_model/openglx_1o5_renderer_model_instance/openglx_1o5_renderer_model_group_instance/openglx_1o5_renderer_model_group_instance.h" />
		<Unit filename="../dragonpoop_alpha/dragonpoop/renderer/openglx_1o5_renderer/openglx_1o5_renderer_model/openglx_1o5_renderer_model_instance/openglx_1o5_renderer_model_group_instance/openglx_1o5_renderer_model_group_instances.h" />
		<Unit filename="../dragonpoop_alpha/dragonpoop/renderer/openglx_1o5_renderer/openglx_1o5_renderer_model/openglx_1o5_renderer_model_instance/openglx_1o5_renderer_model_instance.cpp" />
		<Unit filename="../dragonpoop_alpha/dragonpoop/renderer/openglx_1o5_renderer/openglx_1o5_renderer_model/openglx_1o5_renderer_model_instance/openglx_1o5_renderer_model_instance.h" />
		<Unit filename="../dragonpoop_alpha/dragonpoop/renderer/openglx_1o5_renderer/openglx_1o5_renderer_model/openglx_1o5_renderer_model_instance/openglx_1o5_renderer_model_instance_readlock.cpp" />
		<Unit filename="../dragonpoop_alpha/dragonpoop/renderer/openglx_1o5_renderer/openglx_1o5_renderer_model/openglx_1o5_renderer_model_instance/openglx_1o5_renderer_model_instance_readlock.h" />
		<Unit filename="../dragonpoop_alpha/dragonpoop/renderer/openglx_1o5_renderer/openglx_1o5_renderer_model/openglx_1o5_renderer_model_instance/openglx_1o5_renderer_model_instance_ref.cpp" />
		<Unit filename="../dragonpoop_alpha/dragonpoop/renderer/openglx_1o5_renderer/openglx_1o5_renderer_model/openglx_1o5_renderer_model_instance/openglx_1o5_renderer_model_instance_ref.h" />
		<Unit filename="../dragonpoop_alpha/dragonpoop/renderer/openglx_1o5_renderer/openglx_1o5_renderer_model/openglx_1o5_renderer_model_instance/openglx_1o5_renderer_model_instance_writelock.cpp" />
		<Unit filename="../dragonpoop_alpha/dragonpoop/renderer/openglx_1o5_renderer/openglx_1o5_renderer_model/openglx_1o5_renderer_model_instance/openglx_1o5_renderer_model_instance_writelock.h" />
		<Unit filename="../dragonpoop_alpha/dragonpoop/renderer/openglx_1o5_renderer/openglx_1o5_renderer_model/openglx_1o5_renderer_model_instance/openglx_1o5_renderer_model_instances.h" />
		<Unit filename="../dragonpoop_alpha/dragonpoop/renderer/openglx_1o5_renderer/openglx_1o5_renderer_model/openglx_1o5_renderer_model_material/openglx_1o5_renderer_model_material.cpp" />
		<Unit filename="../dragonpoop_alpha/dragonpoop/renderer/openglx_1o5_renderer/openglx_1o5_renderer_model/openglx_1o5_renderer_model_material/openglx_1o5_renderer_model_material.h" />
		<Unit filename="../dragonpoop_alpha/dragonpoop/renderer/openglx_1o5_renderer/openglx_1o5_renderer_model/openglx_1o5_renderer_model_material/openglx_1o5_renderer_model_materials.h" />
		<Unit filename="../dragonpoop_alpha/dragonpoop/renderer/openglx_1o5_renderer/openglx_1o5_renderer_model/openglx_1o5_renderer_model_readlock.cpp" />
		<Unit filename="../dragonpoop_alpha/dragonpoop/renderer/openglx_1o5_renderer/openglx_1o5_renderer_model/openglx_1o5_renderer_model_readlock.h" />
		<Unit filename="../dragonpoop_alpha/dragonpoop/renderer/openglx_1o5_renderer/openglx_1o5_renderer_model/openglx_1o5_renderer_model_ref.cpp" />
		<Unit filename="../dragonpoop_alpha/dragonpoop/renderer/openglx_1o5_renderer/openglx_1o5_renderer_model/openglx_1o5_renderer_model_ref.h" />
		<Unit filename="../dragonpoop_alpha/dragonpoop/renderer/openglx_1o5_renderer/openglx_1o5_renderer_model/openglx_1o5_renderer_model_writelock.cpp" />
		<Unit filename="../dragonpoop_alpha/dragonpoop/renderer/openglx_1o5_renderer/openglx_1o5_renderer_model/openglx_1o5_renderer_model_writelock.h" />
		<Unit filename="../dragonpoop_alpha/dragonpoop/renderer/openglx_1o5_renderer/openglx_1o5_renderer_model/openglx_1o5_renderer_models.h" />
		<Unit filename="../dragonpoop_alpha/dragonpoop/renderer/openglx_1o5_renderer/openglx_1o5_renderer_readlock.cpp" />
		<Unit filename="../dragonpoop_alpha/dragonpoop/renderer/openglx_1o5_renderer/openglx_1o5_renderer_readlock.h" />
		<Unit filename="../dragonpoop_alpha/dragonpoop/renderer/openglx_1o5_renderer/openglx_1o5_renderer_ref.cpp" />
		<Unit filename="../dragonpoop_alpha/dragonpoop/renderer/openglx_1o5_renderer/openglx_1o5_renderer_ref.h" />
		<Unit filename="../dragonpoop_alpha/dragonpoop/renderer/openglx_1o5_renderer/openglx_1o5_renderer_writelock.cpp" />
		<Unit filename="../dragonpoop_alpha/dragonpoop/renderer/openglx_1o5_renderer/openglx_1o5_renderer_writelock.h" />
		<Unit filename="../dragonpoop_alpha/dragonpoop/renderer/openglx_1o5_renderer/openglx_1o5_renderers.h" />
		<Unit filename="../dragonpoop_alpha/dragonpoop/renderer/renderer.cpp" />
		<Unit filename="../dragonpoop_alpha/dragonpoop/renderer/renderer.h" />
		<Unit filename="../dragonpoop_alpha/dragonpoop/renderer/renderer_model/renderer_model.cpp" />
		<Unit filename="../dragonpoop_alpha/dragonpoop/renderer/renderer_model/renderer_model.h" />
		<Unit filename="../dragonpoop_alpha/dragonpoop/renderer/renderer_model/renderer_model_instance/renderer_model_group_instance/renderer_model_group_instance.cpp" />
		<Unit filename="../dragonpoop_alpha/dragonpoop/renderer/renderer_model/renderer_model_instance/renderer_model_group_instance/renderer_model_group_instance.h" />
		<Unit filename="../dragonpoop_alpha/dragonpoop/renderer/renderer_model/renderer_model_instance/renderer_model_group_instance/renderer_model_group_instances.h" />
		<Unit filename="../dragonpoop_alpha/dragonpoop/renderer/renderer_model/renderer_model_instance/renderer_model_instance.cpp" />
		<Unit filename="../dragonpoop_alpha/dragonpoop/renderer/renderer_model/renderer_model_instance/renderer_model_instance.h" />
		<Unit filename="../dragonpoop_alpha/dragonpoop/renderer/renderer_model/renderer_model_instance/renderer_model_instance_readlock.cpp" />
		<Unit filename="../dragonpoop_alpha/dragonpoop/renderer/renderer_model/renderer_model_instance/renderer_model_instance_readlock.h" />
		<Unit filename="../dragonpoop_alpha/dragonpoop/renderer/renderer_model/renderer_model_instance/renderer_model_instance_ref.cpp" />
		<Unit filename="../dragonpoop_alpha/dragonpoop/renderer/renderer_model/renderer_model_instance/renderer_model_instance_ref.h" />
		<Unit filename="../dragonpoop_alpha/dragonpoop/renderer/renderer_model/renderer_model_instance/renderer_model_instance_writelock.cpp" />
		<Unit filename="../dragonpoop_alpha/dragonpoop/renderer/renderer_model/renderer_model_instance/renderer_model_instance_writelock.h" />
		<Unit filename="../dragonpoop_alpha/dragonpoop/renderer/renderer_model/renderer_model_instance/renderer_model_instances.h" />
		<Unit filename="../dragonpoop_alpha/dragonpoop/renderer/renderer_model/renderer_model_material/renderer_model_material.cpp" />
		<Unit filename="../dragonpoop_alpha/dragonpoop/renderer/renderer_model/renderer_model_material/renderer_model_material.h" />
		<Unit filename="../dragonpoop_alpha/dragonpoop/renderer/renderer_model/renderer_model_material/renderer_model_materials.h" />
		<Unit filename="../dragonpoop_alpha/dragonpoop/renderer/renderer_model/renderer_model_readlock.cpp" />
		<Unit filename="../dragonpoop_alpha/dragonpoop/renderer/renderer_model/renderer_model_readlock.h" />
		<Unit filename="../dragonpoop_alpha/dragonpoop/renderer/renderer_model/renderer_model_ref.cpp" />
		<Unit filename="../dragonpoop_alpha/dragonpoop/renderer/renderer_model/renderer_model_ref.h" />
		<Unit filename="../dragonpoop_alpha/dragonpoop/renderer/renderer_model/renderer_model_writelock.cpp" />
		<Unit filename="../dragonpoop_alpha/dragonpoop/renderer/renderer_model/renderer_model_writelock.h" />
		<Unit filename="../dragonpoop_alpha/dragonpoop/renderer/renderer_model/renderer_models.h" />
		<Unit filename="../dragonpoop_alpha/dragonpoop/renderer/renderer_readlock.cpp" />
		<Unit filename="../dragonpoop_alpha/dragonpoop/renderer/renderer_readlock.h" />
		<Unit filename="../dragonpoop_alpha/dragonpoop/renderer/renderer_ref.cpp" />
		<Unit filename="../dragonpoop_alpha/dragonpoop/renderer/renderer_ref.h" />
		<Unit filename="../dragonpoop_alpha/dragonpoop/renderer/renderer_task.cpp" />
		<Unit filename="../dragonpoop_alpha/dragonpoop/renderer/renderer_task.h" />
		<Unit filename="../dragonpoop_alpha/dragonpoop/renderer/renderer_writelock.cpp" />
		<Unit filename="../dragonpoop_alpha/dragonpoop/renderer/renderer_writelock.h" />
		<Unit filename="../dragonpoop_alpha/dragonpoop/renderer/renderers.h" />
		<Unit filename="../dragonpoop_alpha/main.cpp" />
		<Extensions>
			<code_completion />
			<debugger />
		</Extensions>
	</Project>
</CodeBlocks_project_file>
