<?xml version="1.0" encoding="UTF-8" standalone="yes" ?>
<CodeBlocks_project_file>
	<FileVersion major="1" minor="6" />
	<Project>
		<Option title="dragonpoop_alpha" />
		<Option pch_mode="2" />
		<Option compiler="gcc" />
		<Build>
			<Target title="Debug">
				<Option output="bin/Debug/dragonpoop_alpha" prefix_auto="1" extension_auto="1" />
				<Option object_output="obj/Debug/" />
				<Option type="1" />
				<Option compiler="gcc" />
				<Compiler>
					<Add option="-march=athlon64" />
					<Add option="-g" />
				</Compiler>
			</Target>
			<Target title="Release">
				<Option output="bin/Release/dragonpoop_alpha" prefix_auto="1" extension_auto="1" />
				<Option object_output="obj/Release/" />
				<Option type="0" />
				<Option compiler="gcc" />
				<Compiler>
					<Add option="-O2" />
				</Compiler>
				<Linker>
					<Add option="-s" />
				</Linker>
			</Target>
		</Build>
		<Compiler>
			<Add option="-march=i586" />
			<Add option="-Wnon-virtual-dtor" />
			<Add option="-Winit-self" />
			<Add option="-Wredundant-decls" />
			<Add option="-Wcast-align" />
			<Add option="-Wfloat-equal" />
			<Add option="-Wunreachable-code" />
			<Add option="-std=c++11" />
			<Add option="-Wall" />
			<Add option="-g" />
			<Add directory="/opt/X11/include" />
			<Add directory="/usr/include/freetype2" />
		</Compiler>
		<Linker>
			<Add library="freetype" />
			<Add library="pthread" />
			<Add library="dl" />
			<Add directory="/opt/X11/lib" />
		</Linker>
		<Unit filename="../dragonpoop_alpha/dragonpoop/core/bytetree/bytetree.cpp" />
		<Unit filename="../dragonpoop_alpha/dragonpoop/core/bytetree/bytetree.h" />
		<Unit filename="../dragonpoop_alpha/dragonpoop/core/bytetree/bytetrees.h" />
		<Unit filename="../dragonpoop_alpha/dragonpoop/core/bytetree/dpid_bytetree.cpp" />
		<Unit filename="../dragonpoop_alpha/dragonpoop/core/bytetree/dpid_bytetree.h" />
		<Unit filename="../dragonpoop_alpha/dragonpoop/core/bytetree/dpid_multibytetree.cpp" />
		<Unit filename="../dragonpoop_alpha/dragonpoop/core/bytetree/dpid_multibytetree.h" />
		<Unit filename="../dragonpoop_alpha/dragonpoop/core/bytetree/multibytetree.cpp" />
		<Unit filename="../dragonpoop_alpha/dragonpoop/core/bytetree/multibytetree.h" />
		<Unit filename="../dragonpoop_alpha/dragonpoop/core/core.cpp" />
		<Unit filename="../dragonpoop_alpha/dragonpoop/core/core.h" />
		<Unit filename="../dragonpoop_alpha/dragonpoop/core/cores.h" />
		<Unit filename="../dragonpoop_alpha/dragonpoop/core/dpbtree/dpbtree.cpp" />
		<Unit filename="../dragonpoop_alpha/dragonpoop/core/dpbtree/dpbtree.h" />
		<Unit filename="../dragonpoop_alpha/dragonpoop/core/dpbtree/dpbtrees.h" />
		<Unit filename="../dragonpoop_alpha/dragonpoop/core/dpbtree/dpid_btree.cpp" />
		<Unit filename="../dragonpoop_alpha/dragonpoop/core/dpbtree/dpid_btree.h" />
		<Unit filename="../dragonpoop_alpha/dragonpoop/core/dpbtree/dpid_multibtree.cpp" />
		<Unit filename="../dragonpoop_alpha/dragonpoop/core/dpbtree/dpid_multibtree.h" />
		<Unit filename="../dragonpoop_alpha/dragonpoop/core/dpbtree/dpid_tree_wrapper.cpp" />
		<Unit filename="../dragonpoop_alpha/dragonpoop/core/dpbtree/dpid_tree_wrapper.h" />
		<Unit filename="../dragonpoop_alpha/dragonpoop/core/dpbtree/dpmultibtree.cpp" />
		<Unit filename="../dragonpoop_alpha/dragonpoop/core/dpbtree/dpmultibtree.h" />
		<Unit filename="../dragonpoop_alpha/dragonpoop/core/dpbtree/dptree.cpp" />
		<Unit filename="../dragonpoop_alpha/dragonpoop/core/dpbtree/dptree.h" />
		<Unit filename="../dragonpoop_alpha/dragonpoop/core/dpbtree/dptree_wrapper.cpp" />
		<Unit filename="../dragonpoop_alpha/dragonpoop/core/dpbtree/dptree_wrapper.h" />
		<Unit filename="../dragonpoop_alpha/dragonpoop/core/dpbuffer/dpbuffer.cpp" />
		<Unit filename="../dragonpoop_alpha/dragonpoop/core/dpbuffer/dpbuffer.h" />
		<Unit filename="../dragonpoop_alpha/dragonpoop/core/dpbuffer/dpbuffer_dynamic.cpp" />
		<Unit filename="../dragonpoop_alpha/dragonpoop/core/dpbuffer/dpbuffer_dynamic.h" />
		<Unit filename="../dragonpoop_alpha/dragonpoop/core/dpbuffer/dpbuffer_static.cpp" />
		<Unit filename="../dragonpoop_alpha/dragonpoop/core/dpbuffer/dpbuffer_static.h" />
		<Unit filename="../dragonpoop_alpha/dragonpoop/core/dpbuffer/dpbuffers.h" />
		<Unit filename="../dragonpoop_alpha/dragonpoop/core/dpid/dpid.cpp" />
		<Unit filename="../dragonpoop_alpha/dragonpoop/core/dpid/dpid.h" />
		<Unit filename="../dragonpoop_alpha/dragonpoop/core/dpid/dpids.h" />
		<Unit filename="../dragonpoop_alpha/dragonpoop/core/dpmutex/dpmutex.cpp" />
		<Unit filename="../dragonpoop_alpha/dragonpoop/core/dpmutex/dpmutex.h" />
		<Unit filename="../dragonpoop_alpha/dragonpoop/core/dpmutex/dpmutex_listing.h" />
		<Unit filename="../dragonpoop_alpha/dragonpoop/core/dpmutex/dpmutex_lock.cpp" />
		<Unit filename="../dragonpoop_alpha/dragonpoop/core/dpmutex/dpmutex_lock.h" />
		<Unit filename="../dragonpoop_alpha/dragonpoop/core/dpmutex/dpmutex_lock_listing.h" />
		<Unit filename="../dragonpoop_alpha/dragonpoop/core/dpmutex/dpmutex_master.cpp" />
		<Unit filename="../dragonpoop_alpha/dragonpoop/core/dpmutex/dpmutex_master.h" />
		<Unit filename="../dragonpoop_alpha/dragonpoop/core/dpmutex/dpmutex_readlock.cpp" />
		<Unit filename="../dragonpoop_alpha/dragonpoop/core/dpmutex/dpmutex_readlock.h" />
		<Unit filename="../dragonpoop_alpha/dragonpoop/core/dpmutex/dpmutex_writelock.cpp" />
		<Unit filename="../dragonpoop_alpha/dragonpoop/core/dpmutex/dpmutex_writelock.h" />
		<Unit filename="../dragonpoop_alpha/dragonpoop/core/dpmutex/dpmutexes.h" />
		<Unit filename="../dragonpoop_alpha/dragonpoop/core/dpspinlock/dpsponlock.cpp" />
		<Unit filename="../dragonpoop_alpha/dragonpoop/core/dpspinlock/dpsponlock.h" />
		<Unit filename="../dragonpoop_alpha/dragonpoop/core/dpspinlock/dpsponlocks.h" />
		<Unit filename="../dragonpoop_alpha/dragonpoop/core/dptask/dptask.cpp" />
		<Unit filename="../dragonpoop_alpha/dragonpoop/core/dptask/dptask.h" />
		<Unit filename="../dragonpoop_alpha/dragonpoop/core/dptask/dptask_owner.cpp" />
		<Unit filename="../dragonpoop_alpha/dragonpoop/core/dptask/dptask_owner.h" />
		<Unit filename="../dragonpoop_alpha/dragonpoop/core/dptask/dptask_readlock.cpp" />
		<Unit filename="../dragonpoop_alpha/dragonpoop/core/dptask/dptask_readlock.h" />
		<Unit filename="../dragonpoop_alpha/dragonpoop/core/dptask/dptask_ref.cpp" />
		<Unit filename="../dragonpoop_alpha/dragonpoop/core/dptask/dptask_ref.h" />
		<Unit filename="../dragonpoop_alpha/dragonpoop/core/dptask/dptask_writelock.cpp" />
		<Unit filename="../dragonpoop_alpha/dragonpoop/core/dptask/dptask_writelock.h" />
		<Unit filename="../dragonpoop_alpha/dragonpoop/core/dptask/dptasks.h" />
		<Unit filename="../dragonpoop_alpha/dragonpoop/core/dptaskpool/dptaskpool.cpp" />
		<Unit filename="../dragonpoop_alpha/dragonpoop/core/dptaskpool/dptaskpool.h" />
		<Unit filename="../dragonpoop_alpha/dragonpoop/core/dptaskpool/dptaskpool_logger.cpp" />
		<Unit filename="../dragonpoop_alpha/dragonpoop/core/dptaskpool/dptaskpool_logger.h" />
		<Unit filename="../dragonpoop_alpha/dragonpoop/core/dptaskpool/dptaskpool_logger_readlock.cpp" />
		<Unit filename="../dragonpoop_alpha/dragonpoop/core/dptaskpool/dptaskpool_logger_readlock.h" />
		<Unit filename="../dragonpoop_alpha/dragonpoop/core/dptaskpool/dptaskpool_logger_ref.cpp" />
		<Unit filename="../dragonpoop_alpha/dragonpoop/core/dptaskpool/dptaskpool_logger_ref.h" />
		<Unit filename="../dragonpoop_alpha/dragonpoop/core/dptaskpool/dptaskpool_logger_writelock.cpp" />
		<Unit filename="../dragonpoop_alpha/dragonpoop/core/dptaskpool/dptaskpool_logger_writelock.h" />
		<Unit filename="../dragonpoop_alpha/dragonpoop/core/dptaskpool/dptaskpool_readlock.cpp" />
		<Unit filename="../dragonpoop_alpha/dragonpoop/core/dptaskpool/dptaskpool_readlock.h" />
		<Unit filename="../dragonpoop_alpha/dragonpoop/core/dptaskpool/dptaskpool_ref.cpp" />
		<Unit filename="../dragonpoop_alpha/dragonpoop/core/dptaskpool/dptaskpool_ref.h" />
		<Unit filename="../dragonpoop_alpha/dragonpoop/core/dptaskpool/dptaskpool_task.cpp" />
		<Unit filename="../dragonpoop_alpha/dragonpoop/core/dptaskpool/dptaskpool_task.h" />
		<Unit filename="../dragonpoop_alpha/dragonpoop/core/dptaskpool/dptaskpool_writelock.cpp" />
		<Unit filename="../dragonpoop_alpha/dragonpoop/core/dptaskpool/dptaskpool_writelock.h" />
		<Unit filename="../dragonpoop_alpha/dragonpoop/core/dptaskpool/dptaskpools.h" />
		<Unit filename="../dragonpoop_alpha/dragonpoop/core/dpthread/dpthread.cpp" />
		<Unit filename="../dragonpoop_alpha/dragonpoop/core/dpthread/dpthread.h" />
		<Unit filename="../dragonpoop_alpha/dragonpoop/core/dpthread/dpthread_interface.cpp" />
		<Unit filename="../dragonpoop_alpha/dragonpoop/core/dpthread/dpthread_interface.h" />
		<Unit filename="../dragonpoop_alpha/dragonpoop/core/dpthread/dpthread_lock.cpp" />
		<Unit filename="../dragonpoop_alpha/dragonpoop/core/dpthread/dpthread_lock.h" />
		<Unit filename="../dragonpoop_alpha/dragonpoop/core/dpthread/dpthread_singletask.cpp" />
		<Unit filename="../dragonpoop_alpha/dragonpoop/core/dpthread/dpthread_singletask.h" />
		<Unit filename="../dragonpoop_alpha/dragonpoop/core/dpthread/dpthreads.h" />
		<Unit filename="../dragonpoop_alpha/dragonpoop/core/shared_obj/shared_obj.cpp" />
		<Unit filename="../dragonpoop_alpha/dragonpoop/core/shared_obj/shared_obj.h" />
		<Unit filename="../dragonpoop_alpha/dragonpoop/core/shared_obj/shared_obj_guard.cpp" />
		<Unit filename="../dragonpoop_alpha/dragonpoop/core/shared_obj/shared_obj_guard.h" />
		<Unit filename="../dragonpoop_alpha/dragonpoop/core/shared_obj/shared_obj_interface.cpp" />
		<Unit filename="../dragonpoop_alpha/dragonpoop/core/shared_obj/shared_obj_interface.h" />
		<Unit filename="../dragonpoop_alpha/dragonpoop/core/shared_obj/shared_obj_lock.cpp" />
		<Unit filename="../dragonpoop_alpha/dragonpoop/core/shared_obj/shared_obj_lock.h" />
		<Unit filename="../dragonpoop_alpha/dragonpoop/core/shared_obj/shared_obj_readlock.cpp" />
		<Unit filename="../dragonpoop_alpha/dragonpoop/core/shared_obj/shared_obj_readlock.h" />
		<Unit filename="../dragonpoop_alpha/dragonpoop/core/shared_obj/shared_obj_ref.cpp" />
		<Unit filename="../dragonpoop_alpha/dragonpoop/core/shared_obj/shared_obj_ref.h" />
		<Unit filename="../dragonpoop_alpha/dragonpoop/core/shared_obj/shared_obj_refkernal.cpp" />
		<Unit filename="../dragonpoop_alpha/dragonpoop/core/shared_obj/shared_obj_refkernal.h" />
		<Unit filename="../dragonpoop_alpha/dragonpoop/core/shared_obj/shared_obj_writelock.cpp" />
		<Unit filename="../dragonpoop_alpha/dragonpoop/core/shared_obj/shared_obj_writelock.h" />
		<Unit filename="../dragonpoop_alpha/dragonpoop/core/shared_obj/shared_objs.h" />
		<Unit filename="../dragonpoop_alpha/dragonpoop/dragonpoop.h" />
		<Unit filename="../dragonpoop_alpha/dragonpoop/gfx/dpactor/dpactor.cpp" />
		<Unit filename="../dragonpoop_alpha/dragonpoop/gfx/dpactor/dpactor.h" />
		<Unit filename="../dragonpoop_alpha/dragonpoop/gfx/dpactor/dpactor_animate_state.cpp" />
		<Unit filename="../dragonpoop_alpha/dragonpoop/gfx/dpactor/dpactor_animate_state.h" />
		<Unit filename="../dragonpoop_alpha/dragonpoop/gfx/dpactor/dpactor_animate_state_fly.cpp" />
		<Unit filename="../dragonpoop_alpha/dragonpoop/gfx/dpactor/dpactor_animate_state_fly.h" />
		<Unit filename="../dragonpoop_alpha/dragonpoop/gfx/dpactor/dpactor_animate_state_fly_idle.cpp" />
		<Unit filename="../dragonpoop_alpha/dragonpoop/gfx/dpactor/dpactor_animate_state_fly_idle.h" />
		<Unit filename="../dragonpoop_alpha/dragonpoop/gfx/dpactor/dpactor_animate_state_idle.cpp" />
		<Unit filename="../dragonpoop_alpha/dragonpoop/gfx/dpactor/dpactor_animate_state_idle.h" />
		<Unit filename="../dragonpoop_alpha/dragonpoop/gfx/dpactor/dpactor_animate_state_walk.cpp" />
		<Unit filename="../dragonpoop_alpha/dragonpoop/gfx/dpactor/dpactor_animate_state_walk.h" />
		<Unit filename="../dragonpoop_alpha/dragonpoop/gfx/dpactor/dpactor_man.cpp" />
		<Unit filename="../dragonpoop_alpha/dragonpoop/gfx/dpactor/dpactor_man.h" />
		<Unit filename="../dragonpoop_alpha/dragonpoop/gfx/dpactor/dpactor_man_readlock.cpp" />
		<Unit filename="../dragonpoop_alpha/dragonpoop/gfx/dpactor/dpactor_man_readlock.h" />
		<Unit filename="../dragonpoop_alpha/dragonpoop/gfx/dpactor/dpactor_man_ref.cpp" />
		<Unit filename="../dragonpoop_alpha/dragonpoop/gfx/dpactor/dpactor_man_ref.h" />
		<Unit filename="../dragonpoop_alpha/dragonpoop/gfx/dpactor/dpactor_man_task.cpp" />
		<Unit filename="../dragonpoop_alpha/dragonpoop/gfx/dpactor/dpactor_man_task.h" />
		<Unit filename="../dragonpoop_alpha/dragonpoop/gfx/dpactor/dpactor_man_writelock.cpp" />
		<Unit filename="../dragonpoop_alpha/dragonpoop/gfx/dpactor/dpactor_man_writelock.h" />
		<Unit filename="../dragonpoop_alpha/dragonpoop/gfx/dpactor/dpactor_model_state.cpp" />
		<Unit filename="../dragonpoop_alpha/dragonpoop/gfx/dpactor/dpactor_model_state.h" />
		<Unit filename="../dragonpoop_alpha/dragonpoop/gfx/dpactor/dpactor_model_state_load_high.cpp" />
		<Unit filename="../dragonpoop_alpha/dragonpoop/gfx/dpactor/dpactor_model_state_load_high.h" />
		<Unit filename="../dragonpoop_alpha/dragonpoop/gfx/dpactor/dpactor_model_state_load_low.cpp" />
		<Unit filename="../dragonpoop_alpha/dragonpoop/gfx/dpactor/dpactor_model_state_load_low.h" />
		<Unit filename="../dragonpoop_alpha/dragonpoop/gfx/dpactor/dpactor_model_state_load_med.cpp" />
		<Unit filename="../dragonpoop_alpha/dragonpoop/gfx/dpactor/dpactor_model_state_load_med.h" />
		<Unit filename="../dragonpoop_alpha/dragonpoop/gfx/dpactor/dpactor_model_state_make_high.cpp" />
		<Unit filename="../dragonpoop_alpha/dragonpoop/gfx/dpactor/dpactor_model_state_make_high.h" />
		<Unit filename="../dragonpoop_alpha/dragonpoop/gfx/dpactor/dpactor_model_state_make_low.cpp" />
		<Unit filename="../dragonpoop_alpha/dragonpoop/gfx/dpactor/dpactor_model_state_make_low.h" />
		<Unit filename="../dragonpoop_alpha/dragonpoop/gfx/dpactor/dpactor_model_state_make_med.cpp" />
		<Unit filename="../dragonpoop_alpha/dragonpoop/gfx/dpactor/dpactor_model_state_make_med.h" />
		<Unit filename="../dragonpoop_alpha/dragonpoop/gfx/dpactor/dpactor_model_state_run_high.cpp" />
		<Unit filename="../dragonpoop_alpha/dragonpoop/gfx/dpactor/dpactor_model_state_run_high.h" />
		<Unit filename="../dragonpoop_alpha/dragonpoop/gfx/dpactor/dpactor_model_state_run_low.cpp" />
		<Unit filename="../dragonpoop_alpha/dragonpoop/gfx/dpactor/dpactor_model_state_run_low.h" />
		<Unit filename="../dragonpoop_alpha/dragonpoop/gfx/dpactor/dpactor_model_state_run_med.cpp" />
		<Unit filename="../dragonpoop_alpha/dragonpoop/gfx/dpactor/dpactor_model_state_run_med.h" />
		<Unit filename="../dragonpoop_alpha/dragonpoop/gfx/dpactor/dpactor_readlock.cpp" />
		<Unit filename="../dragonpoop_alpha/dragonpoop/gfx/dpactor/dpactor_readlock.h" />
		<Unit filename="../dragonpoop_alpha/dragonpoop/gfx/dpactor/dpactor_ref.cpp" />
		<Unit filename="../dragonpoop_alpha/dragonpoop/gfx/dpactor/dpactor_ref.h" />
		<Unit filename="../dragonpoop_alpha/dragonpoop/gfx/dpactor/dpactor_state.cpp" />
		<Unit filename="../dragonpoop_alpha/dragonpoop/gfx/dpactor/dpactor_state.h" />
		<Unit filename="../dragonpoop_alpha/dragonpoop/gfx/dpactor/dpactor_writelock.cpp" />
		<Unit filename="../dragonpoop_alpha/dragonpoop/gfx/dpactor/dpactor_writelock.h" />
		<Unit filename="../dragonpoop_alpha/dragonpoop/gfx/dpactor/dpactors.h" />
		<Unit filename="../dragonpoop_alpha/dragonpoop/gfx/dpbitmap/dpbitmap.cpp" />
		<Unit filename="../dragonpoop_alpha/dragonpoop/gfx/dpbitmap/dpbitmap.h" />
		<Unit filename="../dragonpoop_alpha/dragonpoop/gfx/dpbitmap/dpbitmap_bitmap_loader.cpp" />
		<Unit filename="../dragonpoop_alpha/dragonpoop/gfx/dpbitmap/dpbitmap_bitmap_loader.h" />
		<Unit filename="../dragonpoop_alpha/dragonpoop/gfx/dpbitmap/dpbitmaps.h" />
		<Unit filename="../dragonpoop_alpha/dragonpoop/gfx/dpfont/dpfont.cpp" />
		<Unit filename="../dragonpoop_alpha/dragonpoop/gfx/dpfont/dpfont.h" />
		<Unit filename="../dragonpoop_alpha/dragonpoop/gfx/dpfont/dpfonts.h" />
		<Unit filename="../dragonpoop_alpha/dragonpoop/gfx/dpheight_cache/dpheight_cache.cpp" />
		<Unit filename="../dragonpoop_alpha/dragonpoop/gfx/dpheight_cache/dpheight_cache.h" />
		<Unit filename="../dragonpoop_alpha/dragonpoop/gfx/dpheight_cache/dpheight_cache_readlock.cpp" />
		<Unit filename="../dragonpoop_alpha/dragonpoop/gfx/dpheight_cache/dpheight_cache_readlock.h" />
		<Unit filename="../dragonpoop_alpha/dragonpoop/gfx/dpheight_cache/dpheight_cache_ref.cpp" />
		<Unit filename="../dragonpoop_alpha/dragonpoop/gfx/dpheight_cache/dpheight_cache_ref.h" />
		<Unit filename="../dragonpoop_alpha/dragonpoop/gfx/dpheight_cache/dpheight_cache_writelock.cpp" />
		<Unit filename="../dragonpoop_alpha/dragonpoop/gfx/dpheight_cache/dpheight_cache_writelock.h" />
		<Unit filename="../dragonpoop_alpha/dragonpoop/gfx/dpland/dpland.cpp" />
		<Unit filename="../dragonpoop_alpha/dragonpoop/gfx/dpland/dpland.h" />
		<Unit filename="../dragonpoop_alpha/dragonpoop/gfx/dpland/dpland_defines.h" />
		<Unit filename="../dragonpoop_alpha/dragonpoop/gfx/dpland/dpland_man.cpp" />
		<Unit filename="../dragonpoop_alpha/dragonpoop/gfx/dpland/dpland_man.h" />
		<Unit filename="../dragonpoop_alpha/dragonpoop/gfx/dpland/dpland_man_readlock.cpp" />
		<Unit filename="../dragonpoop_alpha/dragonpoop/gfx/dpland/dpland_man_readlock.h" />
		<Unit filename="../dragonpoop_alpha/dragonpoop/gfx/dpland/dpland_man_ref.cpp" />
		<Unit filename="../dragonpoop_alpha/dragonpoop/gfx/dpland/dpland_man_ref.h" />
		<Unit filename="../dragonpoop_alpha/dragonpoop/gfx/dpland/dpland_man_task.cpp" />
		<Unit filename="../dragonpoop_alpha/dragonpoop/gfx/dpland/dpland_man_task.h" />
		<Unit filename="../dragonpoop_alpha/dragonpoop/gfx/dpland/dpland_man_writelock.cpp" />
		<Unit filename="../dragonpoop_alpha/dragonpoop/gfx/dpland/dpland_man_writelock.h" />
		<Unit filename="../dragonpoop_alpha/dragonpoop/gfx/dpland/dplands.h" />
		<Unit filename="../dragonpoop_alpha/dragonpoop/gfx/dpmatrix/dpmatrix.cpp" />
		<Unit filename="../dragonpoop_alpha/dragonpoop/gfx/dpmatrix/dpmatrix.h" />
		<Unit filename="../dragonpoop_alpha/dragonpoop/gfx/dpmatrix/dpmatrixes.h" />
		<Unit filename="../dragonpoop_alpha/dragonpoop/gfx/dpmatrix/dpquaternion.cpp" />
		<Unit filename="../dragonpoop_alpha/dragonpoop/gfx/dpmatrix/dpquaternion.h" />
		<Unit filename="../dragonpoop_alpha/dragonpoop/gfx/dpposition/dpposition.cpp" />
		<Unit filename="../dragonpoop_alpha/dragonpoop/gfx/dpposition/dpposition.h" />
		<Unit filename="../dragonpoop_alpha/dragonpoop/gfx/dpposition/dpposition_share.cpp" />
		<Unit filename="../dragonpoop_alpha/dragonpoop/gfx/dpposition/dpposition_share.h" />
		<Unit filename="../dragonpoop_alpha/dragonpoop/gfx/dpposition/dpposition_share_readlock.cpp" />
		<Unit filename="../dragonpoop_alpha/dragonpoop/gfx/dpposition/dpposition_share_readlock.h" />
		<Unit filename="../dragonpoop_alpha/dragonpoop/gfx/dpposition/dpposition_share_ref.cpp" />
		<Unit filename="../dragonpoop_alpha/dragonpoop/gfx/dpposition/dpposition_share_ref.h" />
		<Unit filename="../dragonpoop_alpha/dragonpoop/gfx/dpposition/dpposition_share_writelock.cpp" />
		<Unit filename="../dragonpoop_alpha/dragonpoop/gfx/dpposition/dpposition_share_writelock.h" />
		<Unit filename="../dragonpoop_alpha/dragonpoop/gfx/dpposition/dppositions.h" />
		<Unit filename="../dragonpoop_alpha/dragonpoop/gfx/dpsky/dpsky.h" />
		<Unit filename="../dragonpoop_alpha/dragonpoop/gfx/dpsky/dpsky_man.cpp" />
		<Unit filename="../dragonpoop_alpha/dragonpoop/gfx/dpsky/dpsky_man.h" />
		<Unit filename="../dragonpoop_alpha/dragonpoop/gfx/dpsky/dpsky_man_readlock.cpp" />
		<Unit filename="../dragonpoop_alpha/dragonpoop/gfx/dpsky/dpsky_man_readlock.h" />
		<Unit filename="../dragonpoop_alpha/dragonpoop/gfx/dpsky/dpsky_man_ref.cpp" />
		<Unit filename="../dragonpoop_alpha/dragonpoop/gfx/dpsky/dpsky_man_ref.h" />
		<Unit filename="../dragonpoop_alpha/dragonpoop/gfx/dpsky/dpsky_man_task.cpp" />
		<Unit filename="../dragonpoop_alpha/dragonpoop/gfx/dpsky/dpsky_man_task.h" />
		<Unit filename="../dragonpoop_alpha/dragonpoop/gfx/dpsky/dpsky_man_writelock.cpp" />
		<Unit filename="../dragonpoop_alpha/dragonpoop/gfx/dpsky/dpsky_man_writelock.h" />
		<Unit filename="../dragonpoop_alpha/dragonpoop/gfx/dpsky/dpskys.h" />
		<Unit filename="../dragonpoop_alpha/dragonpoop/gfx/dpvertex/dpindex.h" />
		<Unit filename="../dragonpoop_alpha/dragonpoop/gfx/dpvertex/dpindex_buffer.cpp" />
		<Unit filename="../dragonpoop_alpha/dragonpoop/gfx/dpvertex/dpindex_buffer.h" />
		<Unit filename="../dragonpoop_alpha/dragonpoop/gfx/dpvertex/dpindex_f.h" />
		<Unit filename="../dragonpoop_alpha/dragonpoop/gfx/dpvertex/dprgb_f.h" />
		<Unit filename="../dragonpoop_alpha/dragonpoop/gfx/dpvertex/dprgba.h" />
		<Unit filename="../dragonpoop_alpha/dragonpoop/gfx/dpvertex/dprgba_f.h" />
		<Unit filename="../dragonpoop_alpha/dragonpoop/gfx/dpvertex/dpst.h" />
		<Unit filename="../dragonpoop_alpha/dragonpoop/gfx/dpvertex/dpst_f.h" />
		<Unit filename="../dragonpoop_alpha/dragonpoop/gfx/dpvertex/dpvertex.cpp" />
		<Unit filename="../dragonpoop_alpha/dragonpoop/gfx/dpvertex/dpvertex.h" />
		<Unit filename="../dragonpoop_alpha/dragonpoop/gfx/dpvertex/dpvertex_buffer.cpp" />
		<Unit filename="../dragonpoop_alpha/dragonpoop/gfx/dpvertex/dpvertex_buffer.h" />
		<Unit filename="../dragonpoop_alpha/dragonpoop/gfx/dpvertex/dpvertexes.h" />
		<Unit filename="../dragonpoop_alpha/dragonpoop/gfx/dpvertex/dpvertexindex_buffer.cpp" />
		<Unit filename="../dragonpoop_alpha/dragonpoop/gfx/dpvertex/dpvertexindex_buffer.h" />
		<Unit filename="../dragonpoop_alpha/dragonpoop/gfx/dpvertex/dpxyz_f.h" />
		<Unit filename="../dragonpoop_alpha/dragonpoop/gfx/dpvertex/dpxyzw.h" />
		<Unit filename="../dragonpoop_alpha/dragonpoop/gfx/dpvertex/dpxyzw_f.h" />
		<Unit filename="../dragonpoop_alpha/dragonpoop/gfx/gfx.cpp" />
		<Unit filename="../dragonpoop_alpha/dragonpoop/gfx/gfx.h" />
		<Unit filename="../dragonpoop_alpha/dragonpoop/gfx/gfx_readlock.cpp" />
		<Unit filename="../dragonpoop_alpha/dragonpoop/gfx/gfx_readlock.h" />
		<Unit filename="../dragonpoop_alpha/dragonpoop/gfx/gfx_ref.cpp" />
		<Unit filename="../dragonpoop_alpha/dragonpoop/gfx/gfx_ref.h" />
		<Unit filename="../dragonpoop_alpha/dragonpoop/gfx/gfx_task.cpp" />
		<Unit filename="../dragonpoop_alpha/dragonpoop/gfx/gfx_task.h" />
		<Unit filename="../dragonpoop_alpha/dragonpoop/gfx/gfx_writelock.cpp" />
		<Unit filename="../dragonpoop_alpha/dragonpoop/gfx/gfx_writelock.h" />
		<Unit filename="../dragonpoop_alpha/dragonpoop/gfx/gfxs.h" />
		<Unit filename="../dragonpoop_alpha/dragonpoop/gfx/gui/button_gui/button_gui.cpp" />
		<Unit filename="../dragonpoop_alpha/dragonpoop/gfx/gui/button_gui/button_gui.h" />
		<Unit filename="../dragonpoop_alpha/dragonpoop/gfx/gui/button_gui/button_guis.h" />
		<Unit filename="../dragonpoop_alpha/dragonpoop/gfx/gui/edit_gui/edit_gui.cpp" />
		<Unit filename="../dragonpoop_alpha/dragonpoop/gfx/gui/edit_gui/edit_gui.h" />
		<Unit filename="../dragonpoop_alpha/dragonpoop/gfx/gui/edit_gui/edit_gui_readlock.cpp" />
		<Unit filename="../dragonpoop_alpha/dragonpoop/gfx/gui/edit_gui/edit_gui_readlock.h" />
		<Unit filename="../dragonpoop_alpha/dragonpoop/gfx/gui/edit_gui/edit_gui_writelock.cpp" />
		<Unit filename="../dragonpoop_alpha/dragonpoop/gfx/gui/edit_gui/edit_gui_writelock.h" />
		<Unit filename="../dragonpoop_alpha/dragonpoop/gfx/gui/edit_gui/edit_text_gui.cpp" />
		<Unit filename="../dragonpoop_alpha/dragonpoop/gfx/gui/edit_gui/edit_text_gui.h" />
		<Unit filename="../dragonpoop_alpha/dragonpoop/gfx/gui/edit_gui/edit_text_gui_readlock.cpp" />
		<Unit filename="../dragonpoop_alpha/dragonpoop/gfx/gui/edit_gui/edit_text_gui_readlock.h" />
		<Unit filename="../dragonpoop_alpha/dragonpoop/gfx/gui/edit_gui/edit_text_gui_writelock.cpp" />
		<Unit filename="../dragonpoop_alpha/dragonpoop/gfx/gui/edit_gui/edit_text_gui_writelock.h" />
		<Unit filename="../dragonpoop_alpha/dragonpoop/gfx/gui/gui.cpp" />
		<Unit filename="../dragonpoop_alpha/dragonpoop/gfx/gui/gui.h" />
		<Unit filename="../dragonpoop_alpha/dragonpoop/gfx/gui/gui_factory.cpp" />
		<Unit filename="../dragonpoop_alpha/dragonpoop/gfx/gui/gui_factory.h" />
		<Unit filename="../dragonpoop_alpha/dragonpoop/gfx/gui/gui_factory_readlock.cpp" />
		<Unit filename="../dragonpoop_alpha/dragonpoop/gfx/gui/gui_factory_readlock.h" />
		<Unit filename="../dragonpoop_alpha/dragonpoop/gfx/gui/gui_factory_ref.cpp" />
		<Unit filename="../dragonpoop_alpha/dragonpoop/gfx/gui/gui_factory_ref.h" />
		<Unit filename="../dragonpoop_alpha/dragonpoop/gfx/gui/gui_factory_writelock.cpp" />
		<Unit filename="../dragonpoop_alpha/dragonpoop/gfx/gui/gui_factory_writelock.h" />
		<Unit filename="../dragonpoop_alpha/dragonpoop/gfx/gui/gui_man.cpp" />
		<Unit filename="../dragonpoop_alpha/dragonpoop/gfx/gui/gui_man.h" />
		<Unit filename="../dragonpoop_alpha/dragonpoop/gfx/gui/gui_man_readlock.cpp" />
		<Unit filename="../dragonpoop_alpha/dragonpoop/gfx/gui/gui_man_readlock.h" />
		<Unit filename="../dragonpoop_alpha/dragonpoop/gfx/gui/gui_man_ref.cpp" />
		<Unit filename="../dragonpoop_alpha/dragonpoop/gfx/gui/gui_man_ref.h" />
		<Unit filename="../dragonpoop_alpha/dragonpoop/gfx/gui/gui_man_task.cpp" />
		<Unit filename="../dragonpoop_alpha/dragonpoop/gfx/gui/gui_man_task.h" />
		<Unit filename="../dragonpoop_alpha/dragonpoop/gfx/gui/gui_man_writelock.cpp" />
		<Unit filename="../dragonpoop_alpha/dragonpoop/gfx/gui/gui_man_writelock.h" />
		<Unit filename="../dragonpoop_alpha/dragonpoop/gfx/gui/gui_readlock.cpp" />
		<Unit filename="../dragonpoop_alpha/dragonpoop/gfx/gui/gui_readlock.h" />
		<Unit filename="../dragonpoop_alpha/dragonpoop/gfx/gui/gui_ref.cpp" />
		<Unit filename="../dragonpoop_alpha/dragonpoop/gfx/gui/gui_ref.h" />
		<Unit filename="../dragonpoop_alpha/dragonpoop/gfx/gui/gui_writelock.cpp" />
		<Unit filename="../dragonpoop_alpha/dragonpoop/gfx/gui/gui_writelock.h" />
		<Unit filename="../dragonpoop_alpha/dragonpoop/gfx/gui/guis.h" />
		<Unit filename="../dragonpoop_alpha/dragonpoop/gfx/gui/menu_gui/menu_gui.cpp" />
		<Unit filename="../dragonpoop_alpha/dragonpoop/gfx/gui/menu_gui/menu_gui.h" />
		<Unit filename="../dragonpoop_alpha/dragonpoop/gfx/gui/menu_gui/menu_gui_readlock.cpp" />
		<Unit filename="../dragonpoop_alpha/dragonpoop/gfx/gui/menu_gui/menu_gui_readlock.h" />
		<Unit filename="../dragonpoop_alpha/dragonpoop/gfx/gui/menu_gui/menu_gui_writelock.cpp" />
		<Unit filename="../dragonpoop_alpha/dragonpoop/gfx/gui/menu_gui/menu_gui_writelock.h" />
		<Unit filename="../dragonpoop_alpha/dragonpoop/gfx/gui/menu_gui/menu_guis.h" />
		<Unit filename="../dragonpoop_alpha/dragonpoop/gfx/gui/model_man_gui/model_man_gui.cpp" />
		<Unit filename="../dragonpoop_alpha/dragonpoop/gfx/gui/model_man_gui/model_man_gui.h" />
		<Unit filename="../dragonpoop_alpha/dragonpoop/gfx/gui/model_man_gui/model_man_load_gui/model_man_load_gui.cpp" />
		<Unit filename="../dragonpoop_alpha/dragonpoop/gfx/gui/model_man_gui/model_man_load_gui/model_man_load_gui.h" />
		<Unit filename="../dragonpoop_alpha/dragonpoop/gfx/gui/model_man_gui/model_man_model_gui/model_man_model_gui.cpp" />
		<Unit filename="../dragonpoop_alpha/dragonpoop/gfx/gui/model_man_gui/model_man_model_gui/model_man_model_gui.h" />
		<Unit filename="../dragonpoop_alpha/dragonpoop/gfx/gui/model_man_gui/model_man_save_gui/model_man_save_gui.cpp" />
		<Unit filename="../dragonpoop_alpha/dragonpoop/gfx/gui/model_man_gui/model_man_save_gui/model_man_save_gui.h" />
		<Unit filename="../dragonpoop_alpha/dragonpoop/gfx/gui/perf_stats_gui/perf_stats_gui.cpp" />
		<Unit filename="../dragonpoop_alpha/dragonpoop/gfx/gui/perf_stats_gui/perf_stats_gui.h" />
		<Unit filename="../dragonpoop_alpha/dragonpoop/gfx/gui/perf_stats_gui/perf_stats_gui_factory.cpp" />
		<Unit filename="../dragonpoop_alpha/dragonpoop/gfx/gui/perf_stats_gui/perf_stats_gui_factory.h" />
		<Unit filename="../dragonpoop_alpha/dragonpoop/gfx/gui/perf_stats_gui/perf_stats_guis.h" />
		<Unit filename="../dragonpoop_alpha/dragonpoop/gfx/gui/root_gui/root_gui.cpp" />
		<Unit filename="../dragonpoop_alpha/dragonpoop/gfx/gui/root_gui/root_gui.h" />
		<Unit filename="../dragonpoop_alpha/dragonpoop/gfx/gui/root_gui/root_gui_factory.cpp" />
		<Unit filename="../dragonpoop_alpha/dragonpoop/gfx/gui/root_gui/root_gui_factory.h" />
		<Unit filename="../dragonpoop_alpha/dragonpoop/gfx/gui/root_gui/root_guis.h" />
		<Unit filename="../dragonpoop_alpha/dragonpoop/gfx/gui/task_man_gui/task_man_gui.cpp" />
		<Unit filename="../dragonpoop_alpha/dragonpoop/gfx/gui/task_man_gui/task_man_gui.h" />
		<Unit filename="../dragonpoop_alpha/dragonpoop/gfx/gui/window_gui/window_gui.cpp" />
		<Unit filename="../dragonpoop_alpha/dragonpoop/gfx/gui/window_gui/window_gui.h" />
		<Unit filename="../dragonpoop_alpha/dragonpoop/gfx/model/model.cpp" />
		<Unit filename="../dragonpoop_alpha/dragonpoop/gfx/model/model.h" />
		<Unit filename="../dragonpoop_alpha/dragonpoop/gfx/model/model_animation/model_animation.cpp" />
		<Unit filename="../dragonpoop_alpha/dragonpoop/gfx/model/model_animation/model_animation.h" />
		<Unit filename="../dragonpoop_alpha/dragonpoop/gfx/model/model_animation/model_animations.h" />
		<Unit filename="../dragonpoop_alpha/dragonpoop/gfx/model/model_animation_frame/model_animation_frame.cpp" />
		<Unit filename="../dragonpoop_alpha/dragonpoop/gfx/model/model_animation_frame/model_animation_frame.h" />
		<Unit filename="../dragonpoop_alpha/dragonpoop/gfx/model/model_animation_frame/model_animation_frames.h" />
		<Unit filename="../dragonpoop_alpha/dragonpoop/gfx/model/model_component/model_component.cpp" />
		<Unit filename="../dragonpoop_alpha/dragonpoop/gfx/model/model_component/model_component.h" />
		<Unit filename="../dragonpoop_alpha/dragonpoop/gfx/model/model_component/model_component_types.h" />
		<Unit filename="../dragonpoop_alpha/dragonpoop/gfx/model/model_component/model_components.h" />
		<Unit filename="../dragonpoop_alpha/dragonpoop/gfx/model/model_frame/model_frame.cpp" />
		<Unit filename="../dragonpoop_alpha/dragonpoop/gfx/model/model_frame/model_frame.h" />
		<Unit filename="../dragonpoop_alpha/dragonpoop/gfx/model/model_frame/model_frames.h" />
		<Unit filename="../dragonpoop_alpha/dragonpoop/gfx/model/model_frame_joint/model_frame_joint.cpp" />
		<Unit filename="../dragonpoop_alpha/dragonpoop/gfx/model/model_frame_joint/model_frame_joint.h" />
		<Unit filename="../dragonpoop_alpha/dragonpoop/gfx/model/model_frame_joint/model_frame_joints.h" />
		<Unit filename="../dragonpoop_alpha/dragonpoop/gfx/model/model_group/model_group.cpp" />
		<Unit filename="../dragonpoop_alpha/dragonpoop/gfx/model/model_group/model_group.h" />
		<Unit filename="../dragonpoop_alpha/dragonpoop/gfx/model/model_group/model_groups.h" />
		<Unit filename="../dragonpoop_alpha/dragonpoop/gfx/model/model_group_triangle/model_group_triangle.cpp" />
		<Unit filename="../dragonpoop_alpha/dragonpoop/gfx/model/model_group_triangle/model_group_triangle.h" />
		<Unit filename="../dragonpoop_alpha/dragonpoop/gfx/model/model_group_triangle/model_group_triangles.h" />
		<Unit filename="../dragonpoop_alpha/dragonpoop/gfx/model/model_instance/model_instance.cpp" />
		<Unit filename="../dragonpoop_alpha/dragonpoop/gfx/model/model_instance/model_instance.h" />
		<Unit filename="../dragonpoop_alpha/dragonpoop/gfx/model/model_instance/model_instance_animation/model_instance_animation.cpp" />
		<Unit filename="../dragonpoop_alpha/dragonpoop/gfx/model/model_instance/model_instance_animation/model_instance_animation.h" />
		<Unit filename="../dragonpoop_alpha/dragonpoop/gfx/model/model_instance/model_instance_animation/model_instance_animations.h" />
		<Unit filename="../dragonpoop_alpha/dragonpoop/gfx/model/model_instance/model_instance_group/model_instance_group.cpp" />
		<Unit filename="../dragonpoop_alpha/dragonpoop/gfx/model/model_instance/model_instance_group/model_instance_group.h" />
		<Unit filename="../dragonpoop_alpha/dragonpoop/gfx/model/model_instance/model_instance_group/model_instance_groups.h" />
		<Unit filename="../dragonpoop_alpha/dragonpoop/gfx/model/model_instance/model_instance_joint/model_instance_joint.cpp" />
		<Unit filename="../dragonpoop_alpha/dragonpoop/gfx/model/model_instance/model_instance_joint/model_instance_joint.h" />
		<Unit filename="../dragonpoop_alpha/dragonpoop/gfx/model/model_instance/model_instance_joint/model_instance_joints.h" />
		<Unit filename="../dragonpoop_alpha/dragonpoop/gfx/model/model_instance/model_instance_joint_cache/model_instance_joint_cache.cpp" />
		<Unit filename="../dragonpoop_alpha/dragonpoop/gfx/model/model_instance/model_instance_joint_cache/model_instance_joint_cache.h" />
		<Unit filename="../dragonpoop_alpha/dragonpoop/gfx/model/model_instance/model_instance_joint_cache/model_instance_joint_caches.h" />
		<Unit filename="../dragonpoop_alpha/dragonpoop/gfx/model/model_instance/model_instance_readlock.cpp" />
		<Unit filename="../dragonpoop_alpha/dragonpoop/gfx/model/model_instance/model_instance_readlock.h" />
		<Unit filename="../dragonpoop_alpha/dragonpoop/gfx/model/model_instance/model_instance_ref.cpp" />
		<Unit filename="../dragonpoop_alpha/dragonpoop/gfx/model/model_instance/model_instance_ref.h" />
		<Unit filename="../dragonpoop_alpha/dragonpoop/gfx/model/model_instance/model_instance_writelock.cpp" />
		<Unit filename="../dragonpoop_alpha/dragonpoop/gfx/model/model_instance/model_instance_writelock.h" />
		<Unit filename="../dragonpoop_alpha/dragonpoop/gfx/model/model_instance/model_instances.h" />
		<Unit filename="../dragonpoop_alpha/dragonpoop/gfx/model/model_joint/model_joint.cpp" />
		<Unit filename="../dragonpoop_alpha/dragonpoop/gfx/model/model_joint/model_joint.h" />
		<Unit filename="../dragonpoop_alpha/dragonpoop/gfx/model/model_joint/model_joints.h" />
		<Unit filename="../dragonpoop_alpha/dragonpoop/gfx/model/model_loader/model_loader.cpp" />
		<Unit filename="../dragonpoop_alpha/dragonpoop/gfx/model/model_loader/model_loader.h" />
		<Unit filename="../dragonpoop_alpha/dragonpoop/gfx/model/model_loader/model_loader_dpmodel/model_loader_dpmodel.cpp" />
		<Unit filename="../dragonpoop_alpha/dragonpoop/gfx/model/model_loader/model_loader_dpmodel/model_loader_dpmodel.h" />
		<Unit filename="../dragonpoop_alpha/dragonpoop/gfx/model/model_loader/model_loader_dpmodel/model_loader_dpmodel_state_read.cpp" />
		<Unit filename="../dragonpoop_alpha/dragonpoop/gfx/model/model_loader/model_loader_dpmodel/model_loader_dpmodel_state_read.h" />
		<Unit filename="../dragonpoop_alpha/dragonpoop/gfx/model/model_loader/model_loader_dpmodel/model_loader_dpmodels.h" />
		<Unit filename="../dragonpoop_alpha/dragonpoop/gfx/model/model_loader/model_loader_man.cpp" />
		<Unit filename="../dragonpoop_alpha/dragonpoop/gfx/model/model_loader/model_loader_man.h" />
		<Unit filename="../dragonpoop_alpha/dragonpoop/gfx/model/model_loader/model_loader_man_readlock.cpp" />
		<Unit filename="../dragonpoop_alpha/dragonpoop/gfx/model/model_loader/model_loader_man_readlock.h" />
		<Unit filename="../dragonpoop_alpha/dragonpoop/gfx/model/model_loader/model_loader_man_ref.cpp" />
		<Unit filename="../dragonpoop_alpha/dragonpoop/gfx/model/model_loader/model_loader_man_ref.h" />
		<Unit filename="../dragonpoop_alpha/dragonpoop/gfx/model/model_loader/model_loader_man_task.cpp" />
		<Unit filename="../dragonpoop_alpha/dragonpoop/gfx/model/model_loader/model_loader_man_task.h" />
		<Unit filename="../dragonpoop_alpha/dragonpoop/gfx/model/model_loader/model_loader_man_writelock.cpp" />
		<Unit filename="../dragonpoop_alpha/dragonpoop/gfx/model/model_loader/model_loader_man_writelock.h" />
		<Unit filename="../dragonpoop_alpha/dragonpoop/gfx/model/model_loader/model_loader_ms3d/model_loader_ms3d.cpp" />
		<Unit filename="../dragonpoop_alpha/dragonpoop/gfx/model/model_loader/model_loader_ms3d/model_loader_ms3d.h" />
		<Unit filename="../dragonpoop_alpha/dragonpoop/gfx/model/model_loader/model_loader_ms3d/model_loader_ms3d_animation.h" />
		<Unit filename="../dragonpoop_alpha/dragonpoop/gfx/model/model_loader/model_loader_ms3d/model_loader_ms3d_comment.h" />
		<Unit filename="../dragonpoop_alpha/dragonpoop/gfx/model/model_loader/model_loader_ms3d/model_loader_ms3d_group.h" />
		<Unit filename="../dragonpoop_alpha/dragonpoop/gfx/model/model_loader/model_loader_ms3d/model_loader_ms3d_header.h" />
		<Unit filename="../dragonpoop_alpha/dragonpoop/gfx/model/model_loader/model_loader_ms3d/model_loader_ms3d_joint.h" />
		<Unit filename="../dragonpoop_alpha/dragonpoop/gfx/model/model_loader/model_loader_ms3d/model_loader_ms3d_material.h" />
		<Unit filename="../dragonpoop_alpha/dragonpoop/gfx/model/model_loader/model_loader_ms3d/model_loader_ms3d_state_cleanup.cpp" />
		<Unit filename="../dragonpoop_alpha/dragonpoop/gfx/model/model_loader/model_loader_ms3d/model_loader_ms3d_state_cleanup.h" />
		<Unit filename="../dragonpoop_alpha/dragonpoop/gfx/model/model_loader/model_loader_ms3d/model_loader_ms3d_state_make_animation.cpp" />
		<Unit filename="../dragonpoop_alpha/dragonpoop/gfx/model/model_loader/model_loader_ms3d/model_loader_ms3d_state_make_animation.h" />
		<Unit filename="../dragonpoop_alpha/dragonpoop/gfx/model/model_loader/model_loader_ms3d/model_loader_ms3d_state_make_frames.cpp" />
		<Unit filename="../dragonpoop_alpha/dragonpoop/gfx/model/model_loader/model_loader_ms3d/model_loader_ms3d_state_make_frames.h" />
		<Unit filename="../dragonpoop_alpha/dragonpoop/gfx/model/model_loader/model_loader_ms3d/model_loader_ms3d_state_make_groups.cpp" />
		<Unit filename="../dragonpoop_alpha/dragonpoop/gfx/model/model_loader/model_loader_ms3d/model_loader_ms3d_state_make_groups.h" />
		<Unit filename="../dragonpoop_alpha/dragonpoop/gfx/model/model_loader/model_loader_ms3d/model_loader_ms3d_state_make_joints.cpp" />
		<Unit filename="../dragonpoop_alpha/dragonpoop/gfx/model/model_loader/model_loader_ms3d/model_loader_ms3d_state_make_joints.h" />
		<Unit filename="../dragonpoop_alpha/dragonpoop/gfx/model/model_loader/model_loader_ms3d/model_loader_ms3d_state_make_materials.cpp" />
		<Unit filename="../dragonpoop_alpha/dragonpoop/gfx/model/model_loader/model_loader_ms3d/model_loader_ms3d_state_make_materials.h" />
		<Unit filename="../dragonpoop_alpha/dragonpoop/gfx/model/model_loader/model_loader_ms3d/model_loader_ms3d_state_make_model.cpp" />
		<Unit filename="../dragonpoop_alpha/dragonpoop/gfx/model/model_loader/model_loader_ms3d/model_loader_ms3d_state_make_model.h" />
		<Unit filename="../dragonpoop_alpha/dragonpoop/gfx/model/model_loader/model_loader_ms3d/model_loader_ms3d_state_make_triangles.cpp" />
		<Unit filename="../dragonpoop_alpha/dragonpoop/gfx/model/model_loader/model_loader_ms3d/model_loader_ms3d_state_make_triangles.h" />
		<Unit filename="../dragonpoop_alpha/dragonpoop/gfx/model/model_loader/model_loader_ms3d/model_loader_ms3d_state_make_vertex_joints.cpp" />
		<Unit filename="../dragonpoop_alpha/dragonpoop/gfx/model/model_loader/model_loader_ms3d/model_loader_ms3d_state_make_vertex_joints.h" />
		<Unit filename="../dragonpoop_alpha/dragonpoop/gfx/model/model_loader/model_loader_ms3d/model_loader_ms3d_state_make_verts.cpp" />
		<Unit filename="../dragonpoop_alpha/dragonpoop/gfx/model/model_loader/model_loader_ms3d/model_loader_ms3d_state_make_verts.h" />
		<Unit filename="../dragonpoop_alpha/dragonpoop/gfx/model/model_loader/model_loader_ms3d/model_loader_ms3d_state_parse_animation.cpp" />
		<Unit filename="../dragonpoop_alpha/dragonpoop/gfx/model/model_loader/model_loader_ms3d/model_loader_ms3d_state_parse_animation.h" />
		<Unit filename="../dragonpoop_alpha/dragonpoop/gfx/model/model_loader/model_loader_ms3d/model_loader_ms3d_state_parse_comments.cpp" />
		<Unit filename="../dragonpoop_alpha/dragonpoop/gfx/model/model_loader/model_loader_ms3d/model_loader_ms3d_state_parse_comments.h" />
		<Unit filename="../dragonpoop_alpha/dragonpoop/gfx/model/model_loader/model_loader_ms3d/model_loader_ms3d_state_parse_extras.cpp" />
		<Unit filename="../dragonpoop_alpha/dragonpoop/gfx/model/model_loader/model_loader_ms3d/model_loader_ms3d_state_parse_extras.h" />
		<Unit filename="../dragonpoop_alpha/dragonpoop/gfx/model/model_loader/model_loader_ms3d/model_loader_ms3d_state_parse_groups.cpp" />
		<Unit filename="../dragonpoop_alpha/dragonpoop/gfx/model/model_loader/model_loader_ms3d/model_loader_ms3d_state_parse_groups.h" />
		<Unit filename="../dragonpoop_alpha/dragonpoop/gfx/model/model_loader/model_loader_ms3d/model_loader_ms3d_state_parse_header.cpp" />
		<Unit filename="../dragonpoop_alpha/dragonpoop/gfx/model/model_loader/model_loader_ms3d/model_loader_ms3d_state_parse_header.h" />
		<Unit filename="../dragonpoop_alpha/dragonpoop/gfx/model/model_loader/model_loader_ms3d/model_loader_ms3d_state_parse_joint_extras.cpp" />
		<Unit filename="../dragonpoop_alpha/dragonpoop/gfx/model/model_loader/model_loader_ms3d/model_loader_ms3d_state_parse_joint_extras.h" />
		<Unit filename="../dragonpoop_alpha/dragonpoop/gfx/model/model_loader/model_loader_ms3d/model_loader_ms3d_state_parse_joints.cpp" />
		<Unit filename="../dragonpoop_alpha/dragonpoop/gfx/model/model_loader/model_loader_ms3d/model_loader_ms3d_state_parse_joints.h" />
		<Unit filename="../dragonpoop_alpha/dragonpoop/gfx/model/model_loader/model_loader_ms3d/model_loader_ms3d_state_parse_materials.cpp" />
		<Unit filename="../dragonpoop_alpha/dragonpoop/gfx/model/model_loader/model_loader_ms3d/model_loader_ms3d_state_parse_materials.h" />
		<Unit filename="../dragonpoop_alpha/dragonpoop/gfx/model/model_loader/model_loader_ms3d/model_loader_ms3d_state_parse_model_extras.cpp" />
		<Unit filename="../dragonpoop_alpha/dragonpoop/gfx/model/model_loader/model_loader_ms3d/model_loader_ms3d_state_parse_model_extras.h" />
		<Unit filename="../dragonpoop_alpha/dragonpoop/gfx/model/model_loader/model_loader_ms3d/model_loader_ms3d_state_parse_triangles.cpp" />
		<Unit filename="../dragonpoop_alpha/dragonpoop/gfx/model/model_loader/model_loader_ms3d/model_loader_ms3d_state_parse_triangles.h" />
		<Unit filename="../dragonpoop_alpha/dragonpoop/gfx/model/model_loader/model_loader_ms3d/model_loader_ms3d_state_parse_vertex_extras.cpp" />
		<Unit filename="../dragonpoop_alpha/dragonpoop/gfx/model/model_loader/model_loader_ms3d/model_loader_ms3d_state_parse_vertex_extras.h" />
		<Unit filename="../dragonpoop_alpha/dragonpoop/gfx/model/model_loader/model_loader_ms3d/model_loader_ms3d_state_parse_verts.cpp" />
		<Unit filename="../dragonpoop_alpha/dragonpoop/gfx/model/model_loader/model_loader_ms3d/model_loader_ms3d_state_parse_verts.h" />
		<Unit filename="../dragonpoop_alpha/dragonpoop/gfx/model/model_loader/model_loader_ms3d/model_loader_ms3d_triangle.h" />
		<Unit filename="../dragonpoop_alpha/dragonpoop/gfx/model/model_loader/model_loader_ms3d/model_loader_ms3d_vertex.h" />
		<Unit filename="../dragonpoop_alpha/dragonpoop/gfx/model/model_loader/model_loader_ms3d/model_loader_ms3ds.h" />
		<Unit filename="../dragonpoop_alpha/dragonpoop/gfx/model/model_loader/model_loader_readlock.cpp" />
		<Unit filename="../dragonpoop_alpha/dragonpoop/gfx/model/model_loader/model_loader_readlock.h" />
		<Unit filename="../dragonpoop_alpha/dragonpoop/gfx/model/model_loader/model_loader_ref.cpp" />
		<Unit filename="../dragonpoop_alpha/dragonpoop/gfx/model/model_loader/model_loader_ref.h" />
		<Unit filename="../dragonpoop_alpha/dragonpoop/gfx/model/model_loader/model_loader_state.cpp" />
		<Unit filename="../dragonpoop_alpha/dragonpoop/gfx/model/model_loader/model_loader_state.h" />
		<Unit filename="../dragonpoop_alpha/dragonpoop/gfx/model/model_loader/model_loader_state_close.cpp" />
		<Unit filename="../dragonpoop_alpha/dragonpoop/gfx/model/model_loader/model_loader_state_close.h" />
		<Unit filename="../dragonpoop_alpha/dragonpoop/gfx/model/model_loader/model_loader_state_fail.cpp" />
		<Unit filename="../dragonpoop_alpha/dragonpoop/gfx/model/model_loader/model_loader_state_fail.h" />
		<Unit filename="../dragonpoop_alpha/dragonpoop/gfx/model/model_loader/model_loader_state_openfile.cpp" />
		<Unit filename="../dragonpoop_alpha/dragonpoop/gfx/model/model_loader/model_loader_state_openfile.h" />
		<Unit filename="../dragonpoop_alpha/dragonpoop/gfx/model/model_loader/model_loader_state_sucess.cpp" />
		<Unit filename="../dragonpoop_alpha/dragonpoop/gfx/model/model_loader/model_loader_state_sucess.h" />
		<Unit filename="../dragonpoop_alpha/dragonpoop/gfx/model/model_loader/model_loader_writelock.cpp" />
		<Unit filename="../dragonpoop_alpha/dragonpoop/gfx/model/model_loader/model_loader_writelock.h" />
		<Unit filename="../dragonpoop_alpha/dragonpoop/gfx/model/model_loader/model_loaders.h" />
		<Unit filename="../dragonpoop_alpha/dragonpoop/gfx/model/model_man.cpp" />
		<Unit filename="../dragonpoop_alpha/dragonpoop/gfx/model/model_man.h" />
		<Unit filename="../dragonpoop_alpha/dragonpoop/gfx/model/model_man_readlock.cpp" />
		<Unit filename="../dragonpoop_alpha/dragonpoop/gfx/model/model_man_readlock.h" />
		<Unit filename="../dragonpoop_alpha/dragonpoop/gfx/model/model_man_ref.cpp" />
		<Unit filename="../dragonpoop_alpha/dragonpoop/gfx/model/model_man_ref.h" />
		<Unit filename="../dragonpoop_alpha/dragonpoop/gfx/model/model_man_task.cpp" />
		<Unit filename="../dragonpoop_alpha/dragonpoop/gfx/model/model_man_task.h" />
		<Unit filename="../dragonpoop_alpha/dragonpoop/gfx/model/model_man_writelock.cpp" />
		<Unit filename="../dragonpoop_alpha/dragonpoop/gfx/model/model_man_writelock.h" />
		<Unit filename="../dragonpoop_alpha/dragonpoop/gfx/model/model_material/model_material.cpp" />
		<Unit filename="../dragonpoop_alpha/dragonpoop/gfx/model/model_material/model_material.h" />
		<Unit filename="../dragonpoop_alpha/dragonpoop/gfx/model/model_material/model_materials.h" />
		<Unit filename="../dragonpoop_alpha/dragonpoop/gfx/model/model_matrix/model_matrix.cpp" />
		<Unit filename="../dragonpoop_alpha/dragonpoop/gfx/model/model_matrix/model_matrix.h" />
		<Unit filename="../dragonpoop_alpha/dragonpoop/gfx/model/model_matrix/model_matrixes.h" />
		<Unit filename="../dragonpoop_alpha/dragonpoop/gfx/model/model_matrix/model_quaternion.cpp" />
		<Unit filename="../dragonpoop_alpha/dragonpoop/gfx/model/model_matrix/model_quaternion.h" />
		<Unit filename="../dragonpoop_alpha/dragonpoop/gfx/model/model_matrix/model_vector.cpp" />
		<Unit filename="../dragonpoop_alpha/dragonpoop/gfx/model/model_matrix/model_vector.h" />
		<Unit filename="../dragonpoop_alpha/dragonpoop/gfx/model/model_readlock.cpp" />
		<Unit filename="../dragonpoop_alpha/dragonpoop/gfx/model/model_readlock.h" />
		<Unit filename="../dragonpoop_alpha/dragonpoop/gfx/model/model_ref.cpp" />
		<Unit filename="../dragonpoop_alpha/dragonpoop/gfx/model/model_ref.h" />
		<Unit filename="../dragonpoop_alpha/dragonpoop/gfx/model/model_saver/model_saver.cpp" />
		<Unit filename="../dragonpoop_alpha/dragonpoop/gfx/model/model_saver/model_saver.h" />
		<Unit filename="../dragonpoop_alpha/dragonpoop/gfx/model/model_saver/model_saver_dpmodel/model_saver_dpmodel.cpp" />
		<Unit filename="../dragonpoop_alpha/dragonpoop/gfx/model/model_saver/model_saver_dpmodel/model_saver_dpmodel.h" />
		<Unit filename="../dragonpoop_alpha/dragonpoop/gfx/model/model_saver/model_saver_dpmodel/model_saver_dpmodel_state_write.cpp" />
		<Unit filename="../dragonpoop_alpha/dragonpoop/gfx/model/model_saver/model_saver_dpmodel/model_saver_dpmodel_state_write.h" />
		<Unit filename="../dragonpoop_alpha/dragonpoop/gfx/model/model_saver/model_saver_dpmodel/model_saver_dpmodels.h" />
		<Unit filename="../dragonpoop_alpha/dragonpoop/gfx/model/model_saver/model_saver_ms3d/model_saver_ms3d.cpp" />
		<Unit filename="../dragonpoop_alpha/dragonpoop/gfx/model/model_saver/model_saver_ms3d/model_saver_ms3d.h" />
		<Unit filename="../dragonpoop_alpha/dragonpoop/gfx/model/model_saver/model_saver_ms3d/model_saver_ms3d_animation.h" />
		<Unit filename="../dragonpoop_alpha/dragonpoop/gfx/model/model_saver/model_saver_ms3d/model_saver_ms3d_comment.h" />
		<Unit filename="../dragonpoop_alpha/dragonpoop/gfx/model/model_saver/model_saver_ms3d/model_saver_ms3d_group.h" />
		<Unit filename="../dragonpoop_alpha/dragonpoop/gfx/model/model_saver/model_saver_ms3d/model_saver_ms3d_header.h" />
		<Unit filename="../dragonpoop_alpha/dragonpoop/gfx/model/model_saver/model_saver_ms3d/model_saver_ms3d_joint.h" />
		<Unit filename="../dragonpoop_alpha/dragonpoop/gfx/model/model_saver/model_saver_ms3d/model_saver_ms3d_material.h" />
		<Unit filename="../dragonpoop_alpha/dragonpoop/gfx/model/model_saver/model_saver_ms3d/model_saver_ms3d_state_cleanup.cpp" />
		<Unit filename="../dragonpoop_alpha/dragonpoop/gfx/model/model_saver/model_saver_ms3d/model_saver_ms3d_state_cleanup.h" />
		<Unit filename="../dragonpoop_alpha/dragonpoop/gfx/model/model_saver/model_saver_ms3d/model_saver_ms3d_state_make_animation.cpp" />
		<Unit filename="../dragonpoop_alpha/dragonpoop/gfx/model/model_saver/model_saver_ms3d/model_saver_ms3d_state_make_animation.h" />
		<Unit filename="../dragonpoop_alpha/dragonpoop/gfx/model/model_saver/model_saver_ms3d/model_saver_ms3d_state_make_frames.cpp" />
		<Unit filename="../dragonpoop_alpha/dragonpoop/gfx/model/model_saver/model_saver_ms3d/model_saver_ms3d_state_make_frames.h" />
		<Unit filename="../dragonpoop_alpha/dragonpoop/gfx/model/model_saver/model_saver_ms3d/model_saver_ms3d_state_make_groups.cpp" />
		<Unit filename="../dragonpoop_alpha/dragonpoop/gfx/model/model_saver/model_saver_ms3d/model_saver_ms3d_state_make_groups.h" />
		<Unit filename="../dragonpoop_alpha/dragonpoop/gfx/model/model_saver/model_saver_ms3d/model_saver_ms3d_state_make_joints.cpp" />
		<Unit filename="../dragonpoop_alpha/dragonpoop/gfx/model/model_saver/model_saver_ms3d/model_saver_ms3d_state_make_joints.h" />
		<Unit filename="../dragonpoop_alpha/dragonpoop/gfx/model/model_saver/model_saver_ms3d/model_saver_ms3d_state_make_materials.cpp" />
		<Unit filename="../dragonpoop_alpha/dragonpoop/gfx/model/model_saver/model_saver_ms3d/model_saver_ms3d_state_make_materials.h" />
		<Unit filename="../dragonpoop_alpha/dragonpoop/gfx/model/model_saver/model_saver_ms3d/model_saver_ms3d_state_make_triangles.cpp" />
		<Unit filename="../dragonpoop_alpha/dragonpoop/gfx/model/model_saver/model_saver_ms3d/model_saver_ms3d_state_make_triangles.h" />
		<Unit filename="../dragonpoop_alpha/dragonpoop/gfx/model/model_saver/model_saver_ms3d/model_saver_ms3d_state_make_verts.cpp" />
		<Unit filename="../dragonpoop_alpha/dragonpoop/gfx/model/model_saver/model_saver_ms3d/model_saver_ms3d_state_make_verts.h" />
		<Unit filename="../dragonpoop_alpha/dragonpoop/gfx/model/model_saver/model_saver_ms3d/model_saver_ms3d_state_write_animation.cpp" />
		<Unit filename="../dragonpoop_alpha/dragonpoop/gfx/model/model_saver/model_saver_ms3d/model_saver_ms3d_state_write_animation.h" />
		<Unit filename="../dragonpoop_alpha/dragonpoop/gfx/model/model_saver/model_saver_ms3d/model_saver_ms3d_state_write_extras.cpp" />
		<Unit filename="../dragonpoop_alpha/dragonpoop/gfx/model/model_saver/model_saver_ms3d/model_saver_ms3d_state_write_extras.h" />
		<Unit filename="../dragonpoop_alpha/dragonpoop/gfx/model/model_saver/model_saver_ms3d/model_saver_ms3d_state_write_groups.cpp" />
		<Unit filename="../dragonpoop_alpha/dragonpoop/gfx/model/model_saver/model_saver_ms3d/model_saver_ms3d_state_write_groups.h" />
		<Unit filename="../dragonpoop_alpha/dragonpoop/gfx/model/model_saver/model_saver_ms3d/model_saver_ms3d_state_write_header.cpp" />
		<Unit filename="../dragonpoop_alpha/dragonpoop/gfx/model/model_saver/model_saver_ms3d/model_saver_ms3d_state_write_header.h" />
		<Unit filename="../dragonpoop_alpha/dragonpoop/gfx/model/model_saver/model_saver_ms3d/model_saver_ms3d_state_write_joints.cpp" />
		<Unit filename="../dragonpoop_alpha/dragonpoop/gfx/model/model_saver/model_saver_ms3d/model_saver_ms3d_state_write_joints.h" />
		<Unit filename="../dragonpoop_alpha/dragonpoop/gfx/model/model_saver/model_saver_ms3d/model_saver_ms3d_state_write_materials.cpp" />
		<Unit filename="../dragonpoop_alpha/dragonpoop/gfx/model/model_saver/model_saver_ms3d/model_saver_ms3d_state_write_materials.h" />
		<Unit filename="../dragonpoop_alpha/dragonpoop/gfx/model/model_saver/model_saver_ms3d/model_saver_ms3d_state_write_triangles.cpp" />
		<Unit filename="../dragonpoop_alpha/dragonpoop/gfx/model/model_saver/model_saver_ms3d/model_saver_ms3d_state_write_triangles.h" />
		<Unit filename="../dragonpoop_alpha/dragonpoop/gfx/model/model_saver/model_saver_ms3d/model_saver_ms3d_state_write_verts.cpp" />
		<Unit filename="../dragonpoop_alpha/dragonpoop/gfx/model/model_saver/model_saver_ms3d/model_saver_ms3d_state_write_verts.h" />
		<Unit filename="../dragonpoop_alpha/dragonpoop/gfx/model/model_saver/model_saver_ms3d/model_saver_ms3d_triangle.h" />
		<Unit filename="../dragonpoop_alpha/dragonpoop/gfx/model/model_saver/model_saver_ms3d/model_saver_ms3d_vertex.h" />
		<Unit filename="../dragonpoop_alpha/dragonpoop/gfx/model/model_saver/model_saver_ms3d/model_saver_ms3ds.h" />
		<Unit filename="../dragonpoop_alpha/dragonpoop/gfx/model/model_saver/model_saver_readlock.cpp" />
		<Unit filename="../dragonpoop_alpha/dragonpoop/gfx/model/model_saver/model_saver_readlock.h" />
		<Unit filename="../dragonpoop_alpha/dragonpoop/gfx/model/model_saver/model_saver_ref.cpp" />
		<Unit filename="../dragonpoop_alpha/dragonpoop/gfx/model/model_saver/model_saver_ref.h" />
		<Unit filename="../dragonpoop_alpha/dragonpoop/gfx/model/model_saver/model_saver_state.cpp" />
		<Unit filename="../dragonpoop_alpha/dragonpoop/gfx/model/model_saver/model_saver_state.h" />
		<Unit filename="../dragonpoop_alpha/dragonpoop/gfx/model/model_saver/model_saver_state_begin.cpp" />
		<Unit filename="../dragonpoop_alpha/dragonpoop/gfx/model/model_saver/model_saver_state_begin.h" />
		<Unit filename="../dragonpoop_alpha/dragonpoop/gfx/model/model_saver/model_saver_state_fail.cpp" />
		<Unit filename="../dragonpoop_alpha/dragonpoop/gfx/model/model_saver/model_saver_state_fail.h" />
		<Unit filename="../dragonpoop_alpha/dragonpoop/gfx/model/model_saver/model_saver_state_sucess.cpp" />
		<Unit filename="../dragonpoop_alpha/dragonpoop/gfx/model/model_saver/model_saver_state_sucess.h" />
		<Unit filename="../dragonpoop_alpha/dragonpoop/gfx/model/model_saver/model_saver_writelock.cpp" />
		<Unit filename="../dragonpoop_alpha/dragonpoop/gfx/model/model_saver/model_saver_writelock.h" />
		<Unit filename="../dragonpoop_alpha/dragonpoop/gfx/model/model_saver/model_savers.h" />
		<Unit filename="../dragonpoop_alpha/dragonpoop/gfx/model/model_triangle/model_triangle.cpp" />
		<Unit filename="../dragonpoop_alpha/dragonpoop/gfx/model/model_triangle/model_triangle.h" />
		<Unit filename="../dragonpoop_alpha/dragonpoop/gfx/model/model_triangle/model_triangles.h" />
		<Unit filename="../dragonpoop_alpha/dragonpoop/gfx/model/model_triangle_vertex/model_triangle_vertex.cpp" />
		<Unit filename="../dragonpoop_alpha/dragonpoop/gfx/model/model_triangle_vertex/model_triangle_vertex.h" />
		<Unit filename="../dragonpoop_alpha/dragonpoop/gfx/model/model_triangle_vertex/model_triangle_vertexes.h" />
		<Unit filename="../dragonpoop_alpha/dragonpoop/gfx/model/model_vertex/model_vertex.cpp" />
		<Unit filename="../dragonpoop_alpha/dragonpoop/gfx/model/model_vertex/model_vertex.h" />
		<Unit filename="../dragonpoop_alpha/dragonpoop/gfx/model/model_vertex/model_vertexes.h" />
		<Unit filename="../dragonpoop_alpha/dragonpoop/gfx/model/model_vertex_joint/model_vertex_joint.cpp" />
		<Unit filename="../dragonpoop_alpha/dragonpoop/gfx/model/model_vertex_joint/model_vertex_joint.h" />
		<Unit filename="../dragonpoop_alpha/dragonpoop/gfx/model/model_vertex_joint/model_vertex_joints.h" />
		<Unit filename="../dragonpoop_alpha/dragonpoop/gfx/model/model_writelock.cpp" />
		<Unit filename="../dragonpoop_alpha/dragonpoop/gfx/model/model_writelock.h" />
		<Unit filename="../dragonpoop_alpha/dragonpoop/gfx/model/models.h" />
		<Unit filename="../dragonpoop_alpha/dragonpoop/os_define.h" />
		<Unit filename="../dragonpoop_alpha/dragonpoop/renderer/api_stuff/input_passer/input_passer.cpp" />
		<Unit filename="../dragonpoop_alpha/dragonpoop/renderer/api_stuff/input_passer/input_passer.h" />
		<Unit filename="../dragonpoop_alpha/dragonpoop/renderer/api_stuff/input_passer/input_passer_readlock.cpp" />
		<Unit filename="../dragonpoop_alpha/dragonpoop/renderer/api_stuff/input_passer/input_passer_readlock.h" />
		<Unit filename="../dragonpoop_alpha/dragonpoop/renderer/api_stuff/input_passer/input_passer_ref.cpp" />
		<Unit filename="../dragonpoop_alpha/dragonpoop/renderer/api_stuff/input_passer/input_passer_ref.h" />
		<Unit filename="../dragonpoop_alpha/dragonpoop/renderer/api_stuff/input_passer/input_passer_writelock.cpp" />
		<Unit filename="../dragonpoop_alpha/dragonpoop/renderer/api_stuff/input_passer/input_passer_writelock.h" />
		<Unit filename="../dragonpoop_alpha/dragonpoop/renderer/api_stuff/opengl1o5_x11/opengl1o5_x11.cpp" />
		<Unit filename="../dragonpoop_alpha/dragonpoop/renderer/api_stuff/opengl1o5_x11/opengl1o5_x11.h" />
		<Unit filename="../dragonpoop_alpha/dragonpoop/renderer/api_stuff/opengl1o5_x11/opengl1o5_x11_commandlist.cpp" />
		<Unit filename="../dragonpoop_alpha/dragonpoop/renderer/api_stuff/opengl1o5_x11/opengl1o5_x11_commandlist.h" />
		<Unit filename="../dragonpoop_alpha/dragonpoop/renderer/api_stuff/opengl1o5_x11/opengl1o5_x11_commandlist_generic.cpp" />
		<Unit filename="../dragonpoop_alpha/dragonpoop/renderer/api_stuff/opengl1o5_x11/opengl1o5_x11_commandlist_generic.h" />
		<Unit filename="../dragonpoop_alpha/dragonpoop/renderer/api_stuff/opengl1o5_x11/opengl1o5_x11_commandlist_generic_batch.cpp" />
		<Unit filename="../dragonpoop_alpha/dragonpoop/renderer/api_stuff/opengl1o5_x11/opengl1o5_x11_commandlist_generic_batch.h" />
		<Unit filename="../dragonpoop_alpha/dragonpoop/renderer/api_stuff/opengl1o5_x11/opengl1o5_x11_context.cpp" />
		<Unit filename="../dragonpoop_alpha/dragonpoop/renderer/api_stuff/opengl1o5_x11/opengl1o5_x11_context.h" />
		<Unit filename="../dragonpoop_alpha/dragonpoop/renderer/api_stuff/opengl1o5_x11/opengl1o5_x11_indexbuffer.cpp" />
		<Unit filename="../dragonpoop_alpha/dragonpoop/renderer/api_stuff/opengl1o5_x11/opengl1o5_x11_indexbuffer.h" />
		<Unit filename="../dragonpoop_alpha/dragonpoop/renderer/api_stuff/opengl1o5_x11/opengl1o5_x11_indexbuffer_readlock.cpp" />
		<Unit filename="../dragonpoop_alpha/dragonpoop/renderer/api_stuff/opengl1o5_x11/opengl1o5_x11_indexbuffer_readlock.h" />
		<Unit filename="../dragonpoop_alpha/dragonpoop/renderer/api_stuff/opengl1o5_x11/opengl1o5_x11_shader.cpp" />
		<Unit filename="../dragonpoop_alpha/dragonpoop/renderer/api_stuff/opengl1o5_x11/opengl1o5_x11_shader.h" />
		<Unit filename="../dragonpoop_alpha/dragonpoop/renderer/api_stuff/opengl1o5_x11/opengl1o5_x11_shader_gui.cpp" />
		<Unit filename="../dragonpoop_alpha/dragonpoop/renderer/api_stuff/opengl1o5_x11/opengl1o5_x11_shader_gui.h" />
		<Unit filename="../dragonpoop_alpha/dragonpoop/renderer/api_stuff/opengl1o5_x11/opengl1o5_x11_shader_land.cpp" />
		<Unit filename="../dragonpoop_alpha/dragonpoop/renderer/api_stuff/opengl1o5_x11/opengl1o5_x11_shader_land.h" />
		<Unit filename="../dragonpoop_alpha/dragonpoop/renderer/api_stuff/opengl1o5_x11/opengl1o5_x11_shader_model.cpp" />
		<Unit filename="../dragonpoop_alpha/dragonpoop/renderer/api_stuff/opengl1o5_x11/opengl1o5_x11_shader_model.h" />
		<Unit filename="../dragonpoop_alpha/dragonpoop/renderer/api_stuff/opengl1o5_x11/opengl1o5_x11_shader_readlock.cpp" />
		<Unit filename="../dragonpoop_alpha/dragonpoop/renderer/api_stuff/opengl1o5_x11/opengl1o5_x11_shader_readlock.h" />
		<Unit filename="../dragonpoop_alpha/dragonpoop/renderer/api_stuff/opengl1o5_x11/opengl1o5_x11_shader_sky.cpp" />
		<Unit filename="../dragonpoop_alpha/dragonpoop/renderer/api_stuff/opengl1o5_x11/opengl1o5_x11_shader_sky.h" />
		<Unit filename="../dragonpoop_alpha/dragonpoop/renderer/api_stuff/opengl1o5_x11/opengl1o5_x11_texture.cpp" />
		<Unit filename="../dragonpoop_alpha/dragonpoop/renderer/api_stuff/opengl1o5_x11/opengl1o5_x11_texture.h" />
		<Unit filename="../dragonpoop_alpha/dragonpoop/renderer/api_stuff/opengl1o5_x11/opengl1o5_x11_texture_readlock.cpp" />
		<Unit filename="../dragonpoop_alpha/dragonpoop/renderer/api_stuff/opengl1o5_x11/opengl1o5_x11_texture_readlock.h" />
		<Unit filename="../dragonpoop_alpha/dragonpoop/renderer/api_stuff/opengl1o5_x11/opengl1o5_x11_vertexbuffer.cpp" />
		<Unit filename="../dragonpoop_alpha/dragonpoop/renderer/api_stuff/opengl1o5_x11/opengl1o5_x11_vertexbuffer.h" />
		<Unit filename="../dragonpoop_alpha/dragonpoop/renderer/api_stuff/opengl1o5_x11/opengl1o5_x11_vertexbuffer_readlock.cpp" />
		<Unit filename="../dragonpoop_alpha/dragonpoop/renderer/api_stuff/opengl1o5_x11/opengl1o5_x11_vertexbuffer_readlock.h" />
		<Unit filename="../dragonpoop_alpha/dragonpoop/renderer/api_stuff/render_api/render_api.cpp" />
		<Unit filename="../dragonpoop_alpha/dragonpoop/renderer/api_stuff/render_api/render_api.h" />
		<Unit filename="../dragonpoop_alpha/dragonpoop/renderer/api_stuff/render_api/render_api_command.cpp" />
		<Unit filename="../dragonpoop_alpha/dragonpoop/renderer/api_stuff/render_api/render_api_command.h" />
		<Unit filename="../dragonpoop_alpha/dragonpoop/renderer/api_stuff/render_api/render_api_command_draw.cpp" />
		<Unit filename="../dragonpoop_alpha/dragonpoop/renderer/api_stuff/render_api/render_api_command_draw.h" />
		<Unit filename="../dragonpoop_alpha/dragonpoop/renderer/api_stuff/render_api/render_api_command_set_alpha.cpp" />
		<Unit filename="../dragonpoop_alpha/dragonpoop/renderer/api_stuff/render_api/render_api_command_set_alpha.h" />
		<Unit filename="../dragonpoop_alpha/dragonpoop/renderer/api_stuff/render_api/render_api_command_set_color.cpp" />
		<Unit filename="../dragonpoop_alpha/dragonpoop/renderer/api_stuff/render_api/render_api_command_set_color.h" />
		<Unit filename="../dragonpoop_alpha/dragonpoop/renderer/api_stuff/render_api/render_api_command_set_indexbuffer.cpp" />
		<Unit filename="../dragonpoop_alpha/dragonpoop/renderer/api_stuff/render_api/render_api_command_set_indexbuffer.h" />
		<Unit filename="../dragonpoop_alpha/dragonpoop/renderer/api_stuff/render_api/render_api_command_set_matrix.cpp" />
		<Unit filename="../dragonpoop_alpha/dragonpoop/renderer/api_stuff/render_api/render_api_command_set_matrix.h" />
		<Unit filename="../dragonpoop_alpha/dragonpoop/renderer/api_stuff/render_api/render_api_command_set_shader.cpp" />
		<Unit filename="../dragonpoop_alpha/dragonpoop/renderer/api_stuff/render_api/render_api_command_set_shader.h" />
		<Unit filename="../dragonpoop_alpha/dragonpoop/renderer/api_stuff/render_api/render_api_command_set_texture.cpp" />
		<Unit filename="../dragonpoop_alpha/dragonpoop/renderer/api_stuff/render_api/render_api_command_set_texture.h" />
		<Unit filename="../dragonpoop_alpha/dragonpoop/renderer/api_stuff/render_api/render_api_command_set_vertexbuffer.cpp" />
		<Unit filename="../dragonpoop_alpha/dragonpoop/renderer/api_stuff/render_api/render_api_command_set_vertexbuffer.h" />
		<Unit filename="../dragonpoop_alpha/dragonpoop/renderer/api_stuff/render_api/render_api_commandlist.cpp" />
		<Unit filename="../dragonpoop_alpha/dragonpoop/renderer/api_stuff/render_api/render_api_commandlist.h" />
		<Unit filename="../dragonpoop_alpha/dragonpoop/renderer/api_stuff/render_api/render_api_commandlist_generic.cpp" />
		<Unit filename="../dragonpoop_alpha/dragonpoop/renderer/api_stuff/render_api/render_api_commandlist_generic.h" />
		<Unit filename="../dragonpoop_alpha/dragonpoop/renderer/api_stuff/render_api/render_api_commandlist_generic_batch.cpp" />
		<Unit filename="../dragonpoop_alpha/dragonpoop/renderer/api_stuff/render_api/render_api_commandlist_generic_batch.h" />
		<Unit filename="../dragonpoop_alpha/dragonpoop/renderer/api_stuff/render_api/render_api_commandlist_readlock.cpp" />
		<Unit filename="../dragonpoop_alpha/dragonpoop/renderer/api_stuff/render_api/render_api_commandlist_readlock.h" />
		<Unit filename="../dragonpoop_alpha/dragonpoop/renderer/api_stuff/render_api/render_api_commandlist_ref.cpp" />
		<Unit filename="../dragonpoop_alpha/dragonpoop/renderer/api_stuff/render_api/render_api_commandlist_ref.h" />
		<Unit filename="../dragonpoop_alpha/dragonpoop/renderer/api_stuff/render_api/render_api_commandlist_writelock.cpp" />
		<Unit filename="../dragonpoop_alpha/dragonpoop/renderer/api_stuff/render_api/render_api_commandlist_writelock.h" />
		<Unit filename="../dragonpoop_alpha/dragonpoop/renderer/api_stuff/render_api/render_api_context.cpp" />
		<Unit filename="../dragonpoop_alpha/dragonpoop/renderer/api_stuff/render_api/render_api_context.h" />
		<Unit filename="../dragonpoop_alpha/dragonpoop/renderer/api_stuff/render_api/render_api_context_readlock.cpp" />
		<Unit filename="../dragonpoop_alpha/dragonpoop/renderer/api_stuff/render_api/render_api_context_readlock.h" />
		<Unit filename="../dragonpoop_alpha/dragonpoop/renderer/api_stuff/render_api/render_api_context_ref.cpp" />
		<Unit filename="../dragonpoop_alpha/dragonpoop/renderer/api_stuff/render_api/render_api_context_ref.h" />
		<Unit filename="../dragonpoop_alpha/dragonpoop/renderer/api_stuff/render_api/render_api_context_writelock.cpp" />
		<Unit filename="../dragonpoop_alpha/dragonpoop/renderer/api_stuff/render_api/render_api_context_writelock.h" />
		<Unit filename="../dragonpoop_alpha/dragonpoop/renderer/api_stuff/render_api/render_api_indexbuffer.cpp" />
		<Unit filename="../dragonpoop_alpha/dragonpoop/renderer/api_stuff/render_api/render_api_indexbuffer.h" />
		<Unit filename="../dragonpoop_alpha/dragonpoop/renderer/api_stuff/render_api/render_api_indexbuffer_readlock.cpp" />
		<Unit filename="../dragonpoop_alpha/dragonpoop/renderer/api_stuff/render_api/render_api_indexbuffer_readlock.h" />
		<Unit filename="../dragonpoop_alpha/dragonpoop/renderer/api_stuff/render_api/render_api_indexbuffer_ref.cpp" />
		<Unit filename="../dragonpoop_alpha/dragonpoop/renderer/api_stuff/render_api/render_api_indexbuffer_ref.h" />
		<Unit filename="../dragonpoop_alpha/dragonpoop/renderer/api_stuff/render_api/render_api_indexbuffer_writelock.cpp" />
		<Unit filename="../dragonpoop_alpha/dragonpoop/renderer/api_stuff/render_api/render_api_indexbuffer_writelock.h" />
		<Unit filename="../dragonpoop_alpha/dragonpoop/renderer/api_stuff/render_api/render_api_readlock.cpp" />
		<Unit filename="../dragonpoop_alpha/dragonpoop/renderer/api_stuff/render_api/render_api_readlock.h" />
		<Unit filename="../dragonpoop_alpha/dragonpoop/renderer/api_stuff/render_api/render_api_ref.cpp" />
		<Unit filename="../dragonpoop_alpha/dragonpoop/renderer/api_stuff/render_api/render_api_ref.h" />
		<Unit filename="../dragonpoop_alpha/dragonpoop/renderer/api_stuff/render_api/render_api_shader.cpp" />
		<Unit filename="../dragonpoop_alpha/dragonpoop/renderer/api_stuff/render_api/render_api_shader.h" />
		<Unit filename="../dragonpoop_alpha/dragonpoop/renderer/api_stuff/render_api/render_api_shader_readlock.cpp" />
		<Unit filename="../dragonpoop_alpha/dragonpoop/renderer/api_stuff/render_api/render_api_shader_readlock.h" />
		<Unit filename="../dragonpoop_alpha/dragonpoop/renderer/api_stuff/render_api/render_api_shader_ref.cpp" />
		<Unit filename="../dragonpoop_alpha/dragonpoop/renderer/api_stuff/render_api/render_api_shader_ref.h" />
		<Unit filename="../dragonpoop_alpha/dragonpoop/renderer/api_stuff/render_api/render_api_shader_writelock.cpp" />
		<Unit filename="../dragonpoop_alpha/dragonpoop/renderer/api_stuff/render_api/render_api_shader_writelock.h" />
		<Unit filename="../dragonpoop_alpha/dragonpoop/renderer/api_stuff/render_api/render_api_texture.cpp" />
		<Unit filename="../dragonpoop_alpha/dragonpoop/renderer/api_stuff/render_api/render_api_texture.h" />
		<Unit filename="../dragonpoop_alpha/dragonpoop/renderer/api_stuff/render_api/render_api_texture_readlock.cpp" />
		<Unit filename="../dragonpoop_alpha/dragonpoop/renderer/api_stuff/render_api/render_api_texture_readlock.h" />
		<Unit filename="../dragonpoop_alpha/dragonpoop/renderer/api_stuff/render_api/render_api_texture_ref.cpp" />
		<Unit filename="../dragonpoop_alpha/dragonpoop/renderer/api_stuff/render_api/render_api_texture_ref.h" />
		<Unit filename="../dragonpoop_alpha/dragonpoop/renderer/api_stuff/render_api/render_api_texture_writelock.cpp" />
		<Unit filename="../dragonpoop_alpha/dragonpoop/renderer/api_stuff/render_api/render_api_texture_writelock.h" />
		<Unit filename="../dragonpoop_alpha/dragonpoop/renderer/api_stuff/render_api/render_api_vertexbuffer.cpp" />
		<Unit filename="../dragonpoop_alpha/dragonpoop/renderer/api_stuff/render_api/render_api_vertexbuffer.h" />
		<Unit filename="../dragonpoop_alpha/dragonpoop/renderer/api_stuff/render_api/render_api_vertexbuffer_readlock.cpp" />
		<Unit filename="../dragonpoop_alpha/dragonpoop/renderer/api_stuff/render_api/render_api_vertexbuffer_readlock.h" />
		<Unit filename="../dragonpoop_alpha/dragonpoop/renderer/api_stuff/render_api/render_api_vertexbuffer_ref.cpp" />
		<Unit filename="../dragonpoop_alpha/dragonpoop/renderer/api_stuff/render_api/render_api_vertexbuffer_ref.h" />
		<Unit filename="../dragonpoop_alpha/dragonpoop/renderer/api_stuff/render_api/render_api_vertexbuffer_writelock.cpp" />
		<Unit filename="../dragonpoop_alpha/dragonpoop/renderer/api_stuff/render_api/render_api_vertexbuffer_writelock.h" />
		<Unit filename="../dragonpoop_alpha/dragonpoop/renderer/api_stuff/render_api/render_api_writelock.cpp" />
		<Unit filename="../dragonpoop_alpha/dragonpoop/renderer/api_stuff/render_api/render_api_writelock.h" />
		<Unit filename="../dragonpoop_alpha/dragonpoop/renderer/api_stuff/window/window.cpp" />
		<Unit filename="../dragonpoop_alpha/dragonpoop/renderer/api_stuff/window/window.h" />
		<Unit filename="../dragonpoop_alpha/dragonpoop/renderer/api_stuff/x11_window/x11_window.cpp" />
		<Unit filename="../dragonpoop_alpha/dragonpoop/renderer/api_stuff/x11_window/x11_window.h" />
		<Unit filename="../dragonpoop_alpha/dragonpoop/renderer/renderer.cpp" />
		<Unit filename="../dragonpoop_alpha/dragonpoop/renderer/renderer.h" />
		<Unit filename="../dragonpoop_alpha/dragonpoop/renderer/renderer_commandlist_passer.cpp" />
		<Unit filename="../dragonpoop_alpha/dragonpoop/renderer/renderer_commandlist_passer.h" />
		<Unit filename="../dragonpoop_alpha/dragonpoop/renderer/renderer_commandlist_passer_ref.cpp" />
		<Unit filename="../dragonpoop_alpha/dragonpoop/renderer/renderer_commandlist_passer_ref.h" />
		<Unit filename="../dragonpoop_alpha/dragonpoop/renderer/renderer_commandlist_passer_writelock.cpp" />
		<Unit filename="../dragonpoop_alpha/dragonpoop/renderer/renderer_commandlist_passer_writelock.h" />
		<Unit filename="../dragonpoop_alpha/dragonpoop/renderer/renderer_factory.cpp" />
		<Unit filename="../dragonpoop_alpha/dragonpoop/renderer/renderer_factory.h" />
		<Unit filename="../dragonpoop_alpha/dragonpoop/renderer/renderer_gui/renderer_gui.cpp" />
		<Unit filename="../dragonpoop_alpha/dragonpoop/renderer/renderer_gui/renderer_gui.h" />
		<Unit filename="../dragonpoop_alpha/dragonpoop/renderer/renderer_gui/renderer_gui_man.cpp" />
		<Unit filename="../dragonpoop_alpha/dragonpoop/renderer/renderer_gui/renderer_gui_man.h" />
		<Unit filename="../dragonpoop_alpha/dragonpoop/renderer/renderer_gui/renderer_gui_man_readlock.cpp" />
		<Unit filename="../dragonpoop_alpha/dragonpoop/renderer/renderer_gui/renderer_gui_man_readlock.h" />
		<Unit filename="../dragonpoop_alpha/dragonpoop/renderer/renderer_gui/renderer_gui_man_ref.cpp" />
		<Unit filename="../dragonpoop_alpha/dragonpoop/renderer/renderer_gui/renderer_gui_man_ref.h" />
		<Unit filename="../dragonpoop_alpha/dragonpoop/renderer/renderer_gui/renderer_gui_man_task.cpp" />
		<Unit filename="../dragonpoop_alpha/dragonpoop/renderer/renderer_gui/renderer_gui_man_task.h" />
		<Unit filename="../dragonpoop_alpha/dragonpoop/renderer/renderer_gui/renderer_gui_man_writelock.cpp" />
		<Unit filename="../dragonpoop_alpha/dragonpoop/renderer/renderer_gui/renderer_gui_man_writelock.h" />
		<Unit filename="../dragonpoop_alpha/dragonpoop/renderer/renderer_gui/renderer_gui_readlock.cpp" />
		<Unit filename="../dragonpoop_alpha/dragonpoop/renderer/renderer_gui/renderer_gui_readlock.h" />
		<Unit filename="../dragonpoop_alpha/dragonpoop/renderer/renderer_gui/renderer_gui_ref.cpp" />
		<Unit filename="../dragonpoop_alpha/dragonpoop/renderer/renderer_gui/renderer_gui_ref.h" />
		<Unit filename="../dragonpoop_alpha/dragonpoop/renderer/renderer_gui/renderer_gui_writelock.cpp" />
		<Unit filename="../dragonpoop_alpha/dragonpoop/renderer/renderer_gui/renderer_gui_writelock.h" />
		<Unit filename="../dragonpoop_alpha/dragonpoop/renderer/renderer_gui/renderer_guis.h" />
		<Unit filename="../dragonpoop_alpha/dragonpoop/renderer/renderer_land/renderer_land.cpp" />
		<Unit filename="../dragonpoop_alpha/dragonpoop/renderer/renderer_land/renderer_land.h" />
		<Unit filename="../dragonpoop_alpha/dragonpoop/renderer/renderer_land/renderer_land_man.cpp" />
		<Unit filename="../dragonpoop_alpha/dragonpoop/renderer/renderer_land/renderer_land_man.h" />
		<Unit filename="../dragonpoop_alpha/dragonpoop/renderer/renderer_land/renderer_land_man_readlock.cpp" />
		<Unit filename="../dragonpoop_alpha/dragonpoop/renderer/renderer_land/renderer_land_man_readlock.h" />
		<Unit filename="../dragonpoop_alpha/dragonpoop/renderer/renderer_land/renderer_land_man_ref.cpp" />
		<Unit filename="../dragonpoop_alpha/dragonpoop/renderer/renderer_land/renderer_land_man_ref.h" />
		<Unit filename="../dragonpoop_alpha/dragonpoop/renderer/renderer_land/renderer_land_man_task.cpp" />
		<Unit filename="../dragonpoop_alpha/dragonpoop/renderer/renderer_land/renderer_land_man_task.h" />
		<Unit filename="../dragonpoop_alpha/dragonpoop/renderer/renderer_land/renderer_land_man_writelock.cpp" />
		<Unit filename="../dragonpoop_alpha/dragonpoop/renderer/renderer_land/renderer_land_man_writelock.h" />
		<Unit filename="../dragonpoop_alpha/dragonpoop/renderer/renderer_model/renderer_model.cpp" />
		<Unit filename="../dragonpoop_alpha/dragonpoop/renderer/renderer_model/renderer_model.h" />
		<Unit filename="../dragonpoop_alpha/dragonpoop/renderer/renderer_model/renderer_model_instance/renderer_model_group_instance/renderer_model_group_instance.cpp" />
		<Unit filename="../dragonpoop_alpha/dragonpoop/renderer/renderer_model/renderer_model_instance/renderer_model_group_instance/renderer_model_group_instance.h" />
		<Unit filename="../dragonpoop_alpha/dragonpoop/renderer/renderer_model/renderer_model_instance/renderer_model_group_instance/renderer_model_group_instances.h" />
		<Unit filename="../dragonpoop_alpha/dragonpoop/renderer/renderer_model/renderer_model_instance/renderer_model_instance.cpp" />
		<Unit filename="../dragonpoop_alpha/dragonpoop/renderer/renderer_model/renderer_model_instance/renderer_model_instance.h" />
		<Unit filename="../dragonpoop_alpha/dragonpoop/renderer/renderer_model/renderer_model_instance/renderer_model_instance_readlock.cpp" />
		<Unit filename="../dragonpoop_alpha/dragonpoop/renderer/renderer_model/renderer_model_instance/renderer_model_instance_readlock.h" />
		<Unit filename="../dragonpoop_alpha/dragonpoop/renderer/renderer_model/renderer_model_instance/renderer_model_instance_ref.cpp" />
		<Unit filename="../dragonpoop_alpha/dragonpoop/renderer/renderer_model/renderer_model_instance/renderer_model_instance_ref.h" />
		<Unit filename="../dragonpoop_alpha/dragonpoop/renderer/renderer_model/renderer_model_instance/renderer_model_instance_writelock.cpp" />
		<Unit filename="../dragonpoop_alpha/dragonpoop/renderer/renderer_model/renderer_model_instance/renderer_model_instance_writelock.h" />
		<Unit filename="../dragonpoop_alpha/dragonpoop/renderer/renderer_model/renderer_model_instance/renderer_model_instances.h" />
		<Unit filename="../dragonpoop_alpha/dragonpoop/renderer/renderer_model/renderer_model_instance/renderer_model_joint_instance/renderer_model_joint_instance.cpp" />
		<Unit filename="../dragonpoop_alpha/dragonpoop/renderer/renderer_model/renderer_model_instance/renderer_model_joint_instance/renderer_model_joint_instance.h" />
		<Unit filename="../dragonpoop_alpha/dragonpoop/renderer/renderer_model/renderer_model_instance/renderer_model_joint_instance/renderer_model_joint_instances.h" />
		<Unit filename="../dragonpoop_alpha/dragonpoop/renderer/renderer_model/renderer_model_man.cpp" />
		<Unit filename="../dragonpoop_alpha/dragonpoop/renderer/renderer_model/renderer_model_man.h" />
		<Unit filename="../dragonpoop_alpha/dragonpoop/renderer/renderer_model/renderer_model_man_readlock.cpp" />
		<Unit filename="../dragonpoop_alpha/dragonpoop/renderer/renderer_model/renderer_model_man_readlock.h" />
		<Unit filename="../dragonpoop_alpha/dragonpoop/renderer/renderer_model/renderer_model_man_ref.cpp" />
		<Unit filename="../dragonpoop_alpha/dragonpoop/renderer/renderer_model/renderer_model_man_ref.h" />
		<Unit filename="../dragonpoop_alpha/dragonpoop/renderer/renderer_model/renderer_model_man_task.cpp" />
		<Unit filename="../dragonpoop_alpha/dragonpoop/renderer/renderer_model/renderer_model_man_task.h" />
		<Unit filename="../dragonpoop_alpha/dragonpoop/renderer/renderer_model/renderer_model_man_writelock.cpp" />
		<Unit filename="../dragonpoop_alpha/dragonpoop/renderer/renderer_model/renderer_model_man_writelock.h" />
		<Unit filename="../dragonpoop_alpha/dragonpoop/renderer/renderer_model/renderer_model_material/renderer_model_material.cpp" />
		<Unit filename="../dragonpoop_alpha/dragonpoop/renderer/renderer_model/renderer_model_material/renderer_model_material.h" />
		<Unit filename="../dragonpoop_alpha/dragonpoop/renderer/renderer_model/renderer_model_material/renderer_model_materials.h" />
		<Unit filename="../dragonpoop_alpha/dragonpoop/renderer/renderer_model/renderer_model_readlock.cpp" />
		<Unit filename="../dragonpoop_alpha/dragonpoop/renderer/renderer_model/renderer_model_readlock.h" />
		<Unit filename="../dragonpoop_alpha/dragonpoop/renderer/renderer_model/renderer_model_ref.cpp" />
		<Unit filename="../dragonpoop_alpha/dragonpoop/renderer/renderer_model/renderer_model_ref.h" />
		<Unit filename="../dragonpoop_alpha/dragonpoop/renderer/renderer_model/renderer_model_writelock.cpp" />
		<Unit filename="../dragonpoop_alpha/dragonpoop/renderer/renderer_model/renderer_model_writelock.h" />
		<Unit filename="../dragonpoop_alpha/dragonpoop/renderer/renderer_model/renderer_models.h" />
		<Unit filename="../dragonpoop_alpha/dragonpoop/renderer/renderer_readlock.cpp" />
		<Unit filename="../dragonpoop_alpha/dragonpoop/renderer/renderer_readlock.h" />
		<Unit filename="../dragonpoop_alpha/dragonpoop/renderer/renderer_ref.cpp" />
		<Unit filename="../dragonpoop_alpha/dragonpoop/renderer/renderer_ref.h" />
		<Unit filename="../dragonpoop_alpha/dragonpoop/renderer/renderer_sky/renderer_sky_man.cpp" />
		<Unit filename="../dragonpoop_alpha/dragonpoop/renderer/renderer_sky/renderer_sky_man.h" />
		<Unit filename="../dragonpoop_alpha/dragonpoop/renderer/renderer_sky/renderer_sky_man_readlock.cpp" />
		<Unit filename="../dragonpoop_alpha/dragonpoop/renderer/renderer_sky/renderer_sky_man_readlock.h" />
		<Unit filename="../dragonpoop_alpha/dragonpoop/renderer/renderer_sky/renderer_sky_man_ref.cpp" />
		<Unit filename="../dragonpoop_alpha/dragonpoop/renderer/renderer_sky/renderer_sky_man_ref.h" />
		<Unit filename="../dragonpoop_alpha/dragonpoop/renderer/renderer_sky/renderer_sky_man_task.cpp" />
		<Unit filename="../dragonpoop_alpha/dragonpoop/renderer/renderer_sky/renderer_sky_man_task.h" />
		<Unit filename="../dragonpoop_alpha/dragonpoop/renderer/renderer_sky/renderer_sky_man_writelock.cpp" />
		<Unit filename="../dragonpoop_alpha/dragonpoop/renderer/renderer_sky/renderer_sky_man_writelock.h" />
		<Unit filename="../dragonpoop_alpha/dragonpoop/renderer/renderer_sky/renderer_skys.h" />
		<Unit filename="../dragonpoop_alpha/dragonpoop/renderer/renderer_state.cpp" />
		<Unit filename="../dragonpoop_alpha/dragonpoop/renderer/renderer_state.h" />
		<Unit filename="../dragonpoop_alpha/dragonpoop/renderer/renderer_state_close.cpp" />
		<Unit filename="../dragonpoop_alpha/dragonpoop/renderer/renderer_state_close.h" />
		<Unit filename="../dragonpoop_alpha/dragonpoop/renderer/renderer_state_deinit_api.cpp" />
		<Unit filename="../dragonpoop_alpha/dragonpoop/renderer/renderer_state_deinit_api.h" />
		<Unit filename="../dragonpoop_alpha/dragonpoop/renderer/renderer_state_deinit_gui.cpp" />
		<Unit filename="../dragonpoop_alpha/dragonpoop/renderer/renderer_state_deinit_gui.h" />
		<Unit filename="../dragonpoop_alpha/dragonpoop/renderer/renderer_state_deinit_model.cpp" />
		<Unit filename="../dragonpoop_alpha/dragonpoop/renderer/renderer_state_deinit_model.h" />
		<Unit filename="../dragonpoop_alpha/dragonpoop/renderer/renderer_state_init_api.cpp" />
		<Unit filename="../dragonpoop_alpha/dragonpoop/renderer/renderer_state_init_api.h" />
		<Unit filename="../dragonpoop_alpha/dragonpoop/renderer/renderer_state_init_gui.cpp" />
		<Unit filename="../dragonpoop_alpha/dragonpoop/renderer/renderer_state_init_gui.h" />
		<Unit filename="../dragonpoop_alpha/dragonpoop/renderer/renderer_state_init_model.cpp" />
		<Unit filename="../dragonpoop_alpha/dragonpoop/renderer/renderer_state_init_model.h" />
		<Unit filename="../dragonpoop_alpha/dragonpoop/renderer/renderer_state_run.cpp" />
		<Unit filename="../dragonpoop_alpha/dragonpoop/renderer/renderer_state_run.h" />
		<Unit filename="../dragonpoop_alpha/dragonpoop/renderer/renderer_state_start_api.cpp" />
		<Unit filename="../dragonpoop_alpha/dragonpoop/renderer/renderer_state_start_api.h" />
		<Unit filename="../dragonpoop_alpha/dragonpoop/renderer/renderer_state_start_gui.cpp" />
		<Unit filename="../dragonpoop_alpha/dragonpoop/renderer/renderer_state_start_gui.h" />
		<Unit filename="../dragonpoop_alpha/dragonpoop/renderer/renderer_state_start_model.cpp" />
		<Unit filename="../dragonpoop_alpha/dragonpoop/renderer/renderer_state_start_model.h" />
		<Unit filename="../dragonpoop_alpha/dragonpoop/renderer/renderer_state_stop_api.cpp" />
		<Unit filename="../dragonpoop_alpha/dragonpoop/renderer/renderer_state_stop_api.h" />
		<Unit filename="../dragonpoop_alpha/dragonpoop/renderer/renderer_state_stop_gui.cpp" />
		<Unit filename="../dragonpoop_alpha/dragonpoop/renderer/renderer_state_stop_gui.h" />
		<Unit filename="../dragonpoop_alpha/dragonpoop/renderer/renderer_state_stop_model.cpp" />
		<Unit filename="../dragonpoop_alpha/dragonpoop/renderer/renderer_state_stop_model.h" />
		<Unit filename="../dragonpoop_alpha/dragonpoop/renderer/renderer_task.cpp" />
		<Unit filename="../dragonpoop_alpha/dragonpoop/renderer/renderer_task.h" />
		<Unit filename="../dragonpoop_alpha/dragonpoop/renderer/renderer_writelock.cpp" />
		<Unit filename="../dragonpoop_alpha/dragonpoop/renderer/renderer_writelock.h" />
		<Unit filename="../dragonpoop_alpha/dragonpoop/renderer/renderers.h" />
		<Unit filename="../dragonpoop_alpha/dragonpoop/renderer/x11_opengl_1o5_renderer/x11_opengl_1o5_renderer.cpp" />
		<Unit filename="../dragonpoop_alpha/dragonpoop/renderer/x11_opengl_1o5_renderer/x11_opengl_1o5_renderer.h" />
		<Unit filename="../dragonpoop_alpha/dragonpoop/renderer/x11_opengl_1o5_renderer/x11_opengl_1o5_renderer_factory.cpp" />
		<Unit filename="../dragonpoop_alpha/dragonpoop/renderer/x11_opengl_1o5_renderer/x11_opengl_1o5_renderer_factory.h" />
		<Unit filename="../dragonpoop_alpha/dragonpoop/renderer/x11_opengl_1o5_renderer/x11_opengl_1o5_renderers.h" />
		<Unit filename="../dragonpoop_alpha/main.cpp" />
		<Extensions>
			<code_completion />
			<debugger>
				<search_path add="/opt/local/var/macports/sources/rsync.macports.org/release/tarballs/ports/devel/gdb" />
			</debugger>
			<envvars />
		</Extensions>
	</Project>
</CodeBlocks_project_file>
