// !$*UTF8*$!
{
	archiveVersion = 1;
	classes = {
	};
	objectVersion = 46;
	objects = {

/* Begin PBXBuildFile section */
		7970E8981B64EFB2008E8328 /* main.cpp in Sources */ = {isa = PBXBuildFile; fileRef = 7970E8971B64EFB2008E8328 /* main.cpp */; };
/* End PBXBuildFile section */

/* Begin PBXCopyFilesBuildPhase section */
		7970E8921B64EFB2008E8328 /* CopyFiles */ = {
			isa = PBXCopyFilesBuildPhase;
			buildActionMask = 2147483647;
			dstPath = /usr/share/man/man1/;
			dstSubfolderSpec = 0;
			files = (
			);
			runOnlyForDeploymentPostprocessing = 1;
		};
/* End PBXCopyFilesBuildPhase section */

/* Begin PBXFileReference section */
		7970E8941B64EFB2008E8328 /* dragonpoop_alpha */ = {isa = PBXFileReference; explicitFileType = "compiled.mach-o.executable"; includeInIndex = 0; path = dragonpoop_alpha; sourceTree = BUILT_PRODUCTS_DIR; };
		7970E8971B64EFB2008E8328 /* main.cpp */ = {isa = PBXFileReference; lastKnownFileType = sourcecode.cpp.cpp; path = main.cpp; sourceTree = "<group>"; };
		7970E89E1B64F0A6008E8328 /* dragonpoop */ = {isa = PBXFileReference; lastKnownFileType = folder; name = dragonpoop; path = ../../../dragonpoop_alpha/dragonpoop; sourceTree = "<group>"; };
/* End PBXFileReference section */

/* Begin PBXFrameworksBuildPhase section */
		7970E8911B64EFB2008E8328 /* Frameworks */ = {
			isa = PBXFrameworksBuildPhase;
			buildActionMask = 2147483647;
			files = (
			);
			runOnlyForDeploymentPostprocessing = 0;
		};
/* End PBXFrameworksBuildPhase section */

/* Begin PBXGroup section */
		7970E88B1B64EFB2008E8328 = {
			isa = PBXGroup;
			children = (
				7970E8961B64EFB2008E8328 /* dragonpoop_alpha */,
				7970E8951B64EFB2008E8328 /* Products */,
			);
			sourceTree = "<group>";
		};
		7970E8951B64EFB2008E8328 /* Products */ = {
			isa = PBXGroup;
			children = (
				7970E8941B64EFB2008E8328 /* dragonpoop_alpha */,
			);
			name = Products;
			sourceTree = "<group>";
		};
		7970E8961B64EFB2008E8328 /* dragonpoop_alpha */ = {
			isa = PBXGroup;
			children = (
				7970E89E1B64F0A6008E8328 /* dragonpoop */,
				7970E8971B64EFB2008E8328 /* main.cpp */,
			);
			path = dragonpoop_alpha;
			sourceTree = "<group>";
		};
/* End PBXGroup section */

/* Begin PBXNativeTarget section */
		7970E8931B64EFB2008E8328 /* dragonpoop_alpha */ = {
			isa = PBXNativeTarget;
			buildConfigurationList = 7970E89B1B64EFB2008E8328 /* Build configuration list for PBXNativeTarget "dragonpoop_alpha" */;
			buildPhases = (
				7970E8901B64EFB2008E8328 /* Sources */,
				7970E8911B64EFB2008E8328 /* Frameworks */,
				7970E8921B64EFB2008E8328 /* CopyFiles */,
			);
			buildRules = (
			);
			dependencies = (
			);
			name = dragonpoop_alpha;
			productName = dragonpoop_alpha;
			productReference = 7970E8941B64EFB2008E8328 /* dragonpoop_alpha */;
			productType = "com.apple.product-type.tool";
		};
/* End PBXNativeTarget section */

/* Begin PBXProject section */
		7970E88C1B64EFB2008E8328 /* Project object */ = {
			isa = PBXProject;
			attributes = {
				LastUpgradeCheck = 0620;
				ORGANIZATIONNAME = "richard vaughn";
				TargetAttributes = {
					7970E8931B64EFB2008E8328 = {
						CreatedOnToolsVersion = 6.2;
					};
				};
			};
			buildConfigurationList = 7970E88F1B64EFB2008E8328 /* Build configuration list for PBXProject "dragonpoop_alpha" */;
			compatibilityVersion = "Xcode 3.2";
			developmentRegion = English;
			hasScannedForEncodings = 0;
			knownRegions = (
				en,
			);
			mainGroup = 7970E88B1B64EFB2008E8328;
			productRefGroup = 7970E8951B64EFB2008E8328 /* Products */;
			projectDirPath = "";
			projectRoot = "";
			targets = (
				7970E8931B64EFB2008E8328 /* dragonpoop_alpha */,
			);
		};
/* End PBXProject section */

/* Begin PBXSourcesBuildPhase section */
		7970E8901B64EFB2008E8328 /* Sources */ = {
			isa = PBXSourcesBuildPhase;
			buildActionMask = 2147483647;
			files = (
				7970E8981B64EFB2008E8328 /* main.cpp in Sources */,
			);
			runOnlyForDeploymentPostprocessing = 0;
		};
/* End PBXSourcesBuildPhase section */

/* Begin XCBuildConfiguration section */
		7970E8991B64EFB2008E8328 /* Debug */ = {
			isa = XCBuildConfiguration;
			buildSettings = {
				ALWAYS_SEARCH_USER_PATHS = NO;
				CLANG_CXX_LANGUAGE_STANDARD = "gnu++0x";
				CLANG_CXX_LIBRARY = "libc++";
				CLANG_ENABLE_MODULES = YES;
				CLANG_ENABLE_OBJC_ARC = YES;
				CLANG_WARN_BOOL_CONVERSION = YES;
				CLANG_WARN_CONSTANT_CONVERSION = YES;
				CLANG_WARN_DIRECT_OBJC_ISA_USAGE = YES_ERROR;
				CLANG_WARN_EMPTY_BODY = YES;
				CLANG_WARN_ENUM_CONVERSION = YES;
				CLANG_WARN_INT_CONVERSION = YES;
				CLANG_WARN_OBJC_ROOT_CLASS = YES_ERROR;
				CLANG_WARN_UNREACHABLE_CODE = YES;
				CLANG_WARN__DUPLICATE_METHOD_MATCH = YES;
				COPY_PHASE_STRIP = NO;
				ENABLE_STRICT_OBJC_MSGSEND = YES;
				GCC_C_LANGUAGE_STANDARD = gnu99;
				GCC_DYNAMIC_NO_PIC = NO;
				GCC_OPTIMIZATION_LEVEL = 0;
				GCC_PREPROCESSOR_DEFINITIONS = (
					"DEBUG=1",
					"$(inherited)",
				);
				GCC_SYMBOLS_PRIVATE_EXTERN = NO;
				GCC_WARN_64_TO_32_BIT_CONVERSION = YES;
				GCC_WARN_ABOUT_RETURN_TYPE = YES_ERROR;
				GCC_WARN_UNDECLARED_SELECTOR = YES;
				GCC_WARN_UNINITIALIZED_AUTOS = YES_AGGRESSIVE;
				GCC_WARN_UNUSED_FUNCTION = YES;
				GCC_WARN_UNUSED_VARIABLE = YES;
				MACOSX_DEPLOYMENT_TARGET = 10.9;
				MTL_ENABLE_DEBUG_INFO = YES;
				ONLY_ACTIVE_ARCH = YES;
				SDKROOT = macosx;
			};
			name = Debug;
		};
		7970E89A1B64EFB2008E8328 /* Release */ = {
			isa = XCBuildConfiguration;
			buildSettings = {
				ALWAYS_SEARCH_USER_PATHS = NO;
				CLANG_CXX_LANGUAGE_STANDARD = "gnu++0x";
				CLANG_CXX_LIBRARY = "libc++";
				CLANG_ENABLE_MODULES = YES;
				CLANG_ENABLE_OBJC_ARC = YES;
				CLANG_WARN_BOOL_CONVERSION = YES;
				CLANG_WARN_CONSTANT_CONVERSION = YES;
				CLANG_WARN_DIRECT_OBJC_ISA_USAGE = YES_ERROR;
				CLANG_WARN_EMPTY_BODY = YES;
				CLANG_WARN_ENUM_CONVERSION = YES;
				CLANG_WARN_INT_CONVERSION = YES;
				CLANG_WARN_OBJC_ROOT_CLASS = YES_ERROR;
				CLANG_WARN_UNREACHABLE_CODE = YES;
				CLANG_WARN__DUPLICATE_METHOD_MATCH = YES;
				COPY_PHASE_STRIP = NO;
				DEBUG_INFORMATION_FORMAT = "dwarf-with-dsym";
				ENABLE_NS_ASSERTIONS = NO;
				ENABLE_STRICT_OBJC_MSGSEND = YES;
				GCC_C_LANGUAGE_STANDARD = gnu99;
				GCC_WARN_64_TO_32_BIT_CONVERSION = YES;
				GCC_WARN_ABOUT_RETURN_TYPE = YES_ERROR;
				GCC_WARN_UNDECLARED_SELECTOR = YES;
				GCC_WARN_UNINITIALIZED_AUTOS = YES_AGGRESSIVE;
				GCC_WARN_UNUSED_FUNCTION = YES;
				GCC_WARN_UNUSED_VARIABLE = YES;
				MACOSX_DEPLOYMENT_TARGET = 10.9;
				MTL_ENABLE_DEBUG_INFO = NO;
				SDKROOT = macosx;
			};
			name = Release;
		};
		7970E89C1B64EFB2008E8328 /* Debug */ = {
			isa = XCBuildConfiguration;
			buildSettings = {
				PRODUCT_NAME = "$(TARGET_NAME)";
			};
			name = Debug;
		};
		7970E89D1B64EFB2008E8328 /* Release */ = {
			isa = XCBuildConfiguration;
			buildSettings = {
				PRODUCT_NAME = "$(TARGET_NAME)";
			};
			name = Release;
		};
/* End XCBuildConfiguration section */

/* Begin XCConfigurationList section */
		7970E88F1B64EFB2008E8328 /* Build configuration list for PBXProject "dragonpoop_alpha" */ = {
			isa = XCConfigurationList;
			buildConfigurations = (
				7970E8991B64EFB2008E8328 /* Debug */,
				7970E89A1B64EFB2008E8328 /* Release */,
			);
			defaultConfigurationIsVisible = 0;
			defaultConfigurationName = Release;
		};
		7970E89B1B64EFB2008E8328 /* Build configuration list for PBXNativeTarget "dragonpoop_alpha" */ = {
			isa = XCConfigurationList;
			buildConfigurations = (
				7970E89C1B64EFB2008E8328 /* Debug */,
				7970E89D1B64EFB2008E8328 /* Release */,
			);
			defaultConfigurationIsVisible = 0;
			defaultConfigurationName = Release;
		};
/* End XCConfigurationList section */
	};
	rootObject = 7970E88C1B64EFB2008E8328 /* Project object */;
}
